PODS:
  - boost-for-react-native (1.63.0)
  - BVLinearGradient (2.5.6):
    - React
  - CocoaAsyncSocket (7.6.5)
  - CocoaLibEvent (1.0.0)
  - DoubleConversion (1.1.6)
  - FBLazyVector (0.64.0-rc.2)
  - FBReactNativeSpec (0.64.0-rc.2):
    - RCT-Folly (= 2020.01.13.00)
    - RCTRequired (= 0.64.0-rc.2)
    - RCTTypeSafety (= 0.64.0-rc.2)
    - React-Core (= 0.64.0-rc.2)
    - React-jsi (= 0.64.0-rc.2)
    - ReactCommon/turbomodule/core (= 0.64.0-rc.2)
  - FBSDKCoreKit (8.2.0):
    - FBSDKCoreKit/Basics (= 8.2.0)
    - FBSDKCoreKit/Core (= 8.2.0)
  - FBSDKCoreKit/Basics (8.2.0)
  - FBSDKCoreKit/Core (8.2.0):
    - FBSDKCoreKit/Basics
  - FBSDKLoginKit (8.2.0):
    - FBSDKLoginKit/Login (= 8.2.0)
  - FBSDKLoginKit/Login (8.2.0):
    - FBSDKCoreKit (~> 8.2.0)
  - FBSDKShareKit (8.2.0):
    - FBSDKShareKit/Share (= 8.2.0)
  - FBSDKShareKit/Share (8.2.0):
    - FBSDKCoreKit (~> 8.2.0)
  - Firebase/Analytics (7.3.0):
    - Firebase/Core
  - Firebase/Core (7.3.0):
    - Firebase/CoreOnly
    - FirebaseAnalytics (= 7.3.0)
  - Firebase/CoreOnly (7.3.0):
    - FirebaseCore (= 7.3.0)
  - Firebase/Crashlytics (7.3.0):
    - Firebase/CoreOnly
    - FirebaseCrashlytics (~> 7.3.0)
  - Firebase/DynamicLinks (7.3.0):
    - Firebase/CoreOnly
    - FirebaseDynamicLinks (~> 7.3.0)
  - Firebase/Performance (7.3.0):
    - Firebase/CoreOnly
    - FirebasePerformance (~> 7.3.0)
  - FirebaseABTesting (7.3.0):
    - FirebaseCore (~> 7.0)
  - FirebaseAnalytics (7.3.0):
    - FirebaseCore (~> 7.0)
    - FirebaseInstallations (~> 7.0)
    - GoogleAppMeasurement (= 7.3.0)
    - GoogleUtilities/AppDelegateSwizzler (~> 7.0)
    - GoogleUtilities/MethodSwizzler (~> 7.0)
    - GoogleUtilities/Network (~> 7.0)
    - "GoogleUtilities/NSData+zlib (~> 7.0)"
    - nanopb (~> 2.30906.0)
  - FirebaseCore (7.3.0):
    - FirebaseCoreDiagnostics (~> 7.0)
    - GoogleUtilities/Environment (~> 7.0)
    - GoogleUtilities/Logger (~> 7.0)
  - FirebaseCoreDiagnostics (7.3.0):
    - GoogleDataTransport (~> 8.0)
    - GoogleUtilities/Environment (~> 7.0)
    - GoogleUtilities/Logger (~> 7.0)
    - nanopb (~> 2.30906.0)
  - FirebaseCrashlytics (7.3.0):
    - FirebaseCore (~> 7.0)
    - FirebaseInstallations (~> 7.0)
    - GoogleDataTransport (~> 8.0)
    - nanopb (~> 2.30906.0)
    - PromisesObjC (~> 1.2)
  - FirebaseDynamicLinks (7.3.1):
    - FirebaseCore (~> 7.0)
  - FirebaseInstallations (7.3.0):
    - FirebaseCore (~> 7.0)
    - GoogleUtilities/Environment (~> 7.0)
    - GoogleUtilities/UserDefaults (~> 7.0)
    - PromisesObjC (~> 1.2)
  - FirebasePerformance (7.3.0):
    - FirebaseCore (~> 7.0)
    - FirebaseInstallations (~> 7.0)
    - FirebaseRemoteConfig (~> 7.0)
    - GoogleDataTransport (~> 8.1)
    - GoogleToolboxForMac/Logger (~> 2.1)
    - "GoogleToolboxForMac/NSData+zlib (~> 2.1)"
    - GoogleUtilities/Environment (~> 7.0)
    - GoogleUtilities/ISASwizzler (~> 7.0)
    - GoogleUtilities/MethodSwizzler (~> 7.0)
    - GTMSessionFetcher/Core (~> 1.1)
    - Protobuf (~> 3.12)
  - FirebaseRemoteConfig (7.3.0):
    - FirebaseABTesting (~> 7.0)
    - FirebaseCore (~> 7.0)
    - FirebaseInstallations (~> 7.0)
    - GoogleUtilities/Environment (~> 7.0)
    - "GoogleUtilities/NSData+zlib (~> 7.0)"
  - Flipper (0.54.0):
    - Flipper-Folly (~> 2.2)
    - Flipper-RSocket (~> 1.1)
  - Flipper-DoubleConversion (1.1.7)
  - Flipper-Folly (2.3.0):
    - boost-for-react-native
    - CocoaLibEvent (~> 1.0)
    - Flipper-DoubleConversion
    - Flipper-Glog
    - OpenSSL-Universal (= 1.0.2.20)
  - Flipper-Glog (0.3.6)
  - Flipper-PeerTalk (0.0.4)
  - Flipper-RSocket (1.1.0):
    - Flipper-Folly (~> 2.2)
  - FlipperKit (0.54.0):
    - FlipperKit/Core (= 0.54.0)
  - FlipperKit/Core (0.54.0):
    - Flipper (~> 0.54.0)
    - FlipperKit/CppBridge
    - FlipperKit/FBCxxFollyDynamicConvert
    - FlipperKit/FBDefines
    - FlipperKit/FKPortForwarding
  - FlipperKit/CppBridge (0.54.0):
    - Flipper (~> 0.54.0)
  - FlipperKit/FBCxxFollyDynamicConvert (0.54.0):
    - Flipper-Folly (~> 2.2)
  - FlipperKit/FBDefines (0.54.0)
  - FlipperKit/FKPortForwarding (0.54.0):
    - CocoaAsyncSocket (~> 7.6)
    - Flipper-PeerTalk (~> 0.0.4)
  - FlipperKit/FlipperKitHighlightOverlay (0.54.0)
  - FlipperKit/FlipperKitLayoutPlugin (0.54.0):
    - FlipperKit/Core
    - FlipperKit/FlipperKitHighlightOverlay
    - FlipperKit/FlipperKitLayoutTextSearchable
    - YogaKit (~> 1.18)
  - FlipperKit/FlipperKitLayoutTextSearchable (0.54.0)
  - FlipperKit/FlipperKitNetworkPlugin (0.54.0):
    - FlipperKit/Core
  - FlipperKit/FlipperKitReactPlugin (0.54.0):
    - FlipperKit/Core
  - FlipperKit/FlipperKitUserDefaultsPlugin (0.54.0):
    - FlipperKit/Core
  - FlipperKit/SKIOSNetworkPlugin (0.54.0):
    - FlipperKit/Core
    - FlipperKit/FlipperKitNetworkPlugin
  - glog (0.3.5)
  - GoogleAppMeasurement (7.3.0):
    - GoogleUtilities/AppDelegateSwizzler (~> 7.0)
    - GoogleUtilities/MethodSwizzler (~> 7.0)
    - GoogleUtilities/Network (~> 7.0)
    - "GoogleUtilities/NSData+zlib (~> 7.0)"
    - nanopb (~> 2.30906.0)
  - GoogleDataTransport (8.1.0):
    - nanopb (~> 2.30906.0)
  - GoogleToolboxForMac/Defines (2.3.0)
  - GoogleToolboxForMac/Logger (2.3.0):
    - GoogleToolboxForMac/Defines (= 2.3.0)
  - "GoogleToolboxForMac/NSData+zlib (2.3.0)":
    - GoogleToolboxForMac/Defines (= 2.3.0)
  - GoogleUtilities/AppDelegateSwizzler (7.1.1):
    - GoogleUtilities/Environment
    - GoogleUtilities/Logger
    - GoogleUtilities/Network
  - GoogleUtilities/Environment (7.1.1):
    - PromisesObjC (~> 1.2)
  - GoogleUtilities/ISASwizzler (7.1.1)
  - GoogleUtilities/Logger (7.1.1):
    - GoogleUtilities/Environment
  - GoogleUtilities/MethodSwizzler (7.1.1):
    - GoogleUtilities/Logger
  - GoogleUtilities/Network (7.1.1):
    - GoogleUtilities/Logger
    - "GoogleUtilities/NSData+zlib"
    - GoogleUtilities/Reachability
  - "GoogleUtilities/NSData+zlib (7.1.1)"
  - GoogleUtilities/Reachability (7.1.1):
    - GoogleUtilities/Logger
  - GoogleUtilities/UserDefaults (7.1.1):
    - GoogleUtilities/Logger
  - GTMSessionFetcher/Core (1.5.0)
  - libwebp (1.1.0):
    - libwebp/demux (= 1.1.0)
    - libwebp/mux (= 1.1.0)
    - libwebp/webp (= 1.1.0)
  - libwebp/demux (1.1.0):
    - libwebp/webp
  - libwebp/mux (1.1.0):
    - libwebp/demux
  - libwebp/webp (1.1.0)
  - nanopb (2.30906.0):
    - nanopb/decode (= 2.30906.0)
    - nanopb/encode (= 2.30906.0)
  - nanopb/decode (2.30906.0)
  - nanopb/encode (2.30906.0)
  - OpenSSL-Universal (1.0.2.20):
    - OpenSSL-Universal/Static (= 1.0.2.20)
  - OpenSSL-Universal/Static (1.0.2.20)
  - Permission-Camera (3.0.0):
    - RNPermissions
  - Permission-Notifications (3.0.0):
    - RNPermissions
  - Permission-PhotoLibrary (3.0.0):
    - RNPermissions
  - PromisesObjC (1.2.12)
  - Protobuf (3.14.0)
  - RCT-Folly (2020.01.13.00):
    - boost-for-react-native
    - DoubleConversion
    - glog
    - RCT-Folly/Default (= 2020.01.13.00)
  - RCT-Folly/Default (2020.01.13.00):
    - boost-for-react-native
    - DoubleConversion
    - glog
  - RCTRequired (0.64.0-rc.2)
  - RCTTypeSafety (0.64.0-rc.2):
    - FBLazyVector (= 0.64.0-rc.2)
    - RCT-Folly (= 2020.01.13.00)
    - RCTRequired (= 0.64.0-rc.2)
    - React-Core (= 0.64.0-rc.2)
  - React (0.64.0-rc.2):
    - React-Core (= 0.64.0-rc.2)
    - React-Core/DevSupport (= 0.64.0-rc.2)
    - React-Core/RCTWebSocket (= 0.64.0-rc.2)
    - React-RCTActionSheet (= 0.64.0-rc.2)
    - React-RCTAnimation (= 0.64.0-rc.2)
    - React-RCTBlob (= 0.64.0-rc.2)
    - React-RCTImage (= 0.64.0-rc.2)
    - React-RCTLinking (= 0.64.0-rc.2)
    - React-RCTNetwork (= 0.64.0-rc.2)
    - React-RCTSettings (= 0.64.0-rc.2)
    - React-RCTText (= 0.64.0-rc.2)
    - React-RCTVibration (= 0.64.0-rc.2)
  - React-callinvoker (0.64.0-rc.2)
  - React-Core (0.64.0-rc.2):
    - glog
    - RCT-Folly (= 2020.01.13.00)
    - React-Core/Default (= 0.64.0-rc.2)
    - React-cxxreact (= 0.64.0-rc.2)
    - React-jsi (= 0.64.0-rc.2)
    - React-jsiexecutor (= 0.64.0-rc.2)
    - React-perflogger (= 0.64.0-rc.2)
    - Yoga
  - React-Core/CoreModulesHeaders (0.64.0-rc.2):
    - glog
    - RCT-Folly (= 2020.01.13.00)
    - React-Core/Default
    - React-cxxreact (= 0.64.0-rc.2)
    - React-jsi (= 0.64.0-rc.2)
    - React-jsiexecutor (= 0.64.0-rc.2)
    - React-perflogger (= 0.64.0-rc.2)
    - Yoga
  - React-Core/Default (0.64.0-rc.2):
    - glog
    - RCT-Folly (= 2020.01.13.00)
    - React-cxxreact (= 0.64.0-rc.2)
    - React-jsi (= 0.64.0-rc.2)
    - React-jsiexecutor (= 0.64.0-rc.2)
    - React-perflogger (= 0.64.0-rc.2)
    - Yoga
  - React-Core/DevSupport (0.64.0-rc.2):
    - glog
    - RCT-Folly (= 2020.01.13.00)
    - React-Core/Default (= 0.64.0-rc.2)
    - React-Core/RCTWebSocket (= 0.64.0-rc.2)
    - React-cxxreact (= 0.64.0-rc.2)
    - React-jsi (= 0.64.0-rc.2)
    - React-jsiexecutor (= 0.64.0-rc.2)
    - React-jsinspector (= 0.64.0-rc.2)
    - React-perflogger (= 0.64.0-rc.2)
    - Yoga
  - React-Core/RCTActionSheetHeaders (0.64.0-rc.2):
    - glog
    - RCT-Folly (= 2020.01.13.00)
    - React-Core/Default
    - React-cxxreact (= 0.64.0-rc.2)
    - React-jsi (= 0.64.0-rc.2)
    - React-jsiexecutor (= 0.64.0-rc.2)
    - React-perflogger (= 0.64.0-rc.2)
    - Yoga
  - React-Core/RCTAnimationHeaders (0.64.0-rc.2):
    - glog
    - RCT-Folly (= 2020.01.13.00)
    - React-Core/Default
    - React-cxxreact (= 0.64.0-rc.2)
    - React-jsi (= 0.64.0-rc.2)
    - React-jsiexecutor (= 0.64.0-rc.2)
    - React-perflogger (= 0.64.0-rc.2)
    - Yoga
  - React-Core/RCTBlobHeaders (0.64.0-rc.2):
    - glog
    - RCT-Folly (= 2020.01.13.00)
    - React-Core/Default
    - React-cxxreact (= 0.64.0-rc.2)
    - React-jsi (= 0.64.0-rc.2)
    - React-jsiexecutor (= 0.64.0-rc.2)
    - React-perflogger (= 0.64.0-rc.2)
    - Yoga
  - React-Core/RCTImageHeaders (0.64.0-rc.2):
    - glog
    - RCT-Folly (= 2020.01.13.00)
    - React-Core/Default
    - React-cxxreact (= 0.64.0-rc.2)
    - React-jsi (= 0.64.0-rc.2)
    - React-jsiexecutor (= 0.64.0-rc.2)
    - React-perflogger (= 0.64.0-rc.2)
    - Yoga
  - React-Core/RCTLinkingHeaders (0.64.0-rc.2):
    - glog
    - RCT-Folly (= 2020.01.13.00)
    - React-Core/Default
    - React-cxxreact (= 0.64.0-rc.2)
    - React-jsi (= 0.64.0-rc.2)
    - React-jsiexecutor (= 0.64.0-rc.2)
    - React-perflogger (= 0.64.0-rc.2)
    - Yoga
  - React-Core/RCTNetworkHeaders (0.64.0-rc.2):
    - glog
    - RCT-Folly (= 2020.01.13.00)
    - React-Core/Default
    - React-cxxreact (= 0.64.0-rc.2)
    - React-jsi (= 0.64.0-rc.2)
    - React-jsiexecutor (= 0.64.0-rc.2)
    - React-perflogger (= 0.64.0-rc.2)
    - Yoga
  - React-Core/RCTSettingsHeaders (0.64.0-rc.2):
    - glog
    - RCT-Folly (= 2020.01.13.00)
    - React-Core/Default
    - React-cxxreact (= 0.64.0-rc.2)
    - React-jsi (= 0.64.0-rc.2)
    - React-jsiexecutor (= 0.64.0-rc.2)
    - React-perflogger (= 0.64.0-rc.2)
    - Yoga
  - React-Core/RCTTextHeaders (0.64.0-rc.2):
    - glog
    - RCT-Folly (= 2020.01.13.00)
    - React-Core/Default
    - React-cxxreact (= 0.64.0-rc.2)
    - React-jsi (= 0.64.0-rc.2)
    - React-jsiexecutor (= 0.64.0-rc.2)
    - React-perflogger (= 0.64.0-rc.2)
    - Yoga
  - React-Core/RCTVibrationHeaders (0.64.0-rc.2):
    - glog
    - RCT-Folly (= 2020.01.13.00)
    - React-Core/Default
    - React-cxxreact (= 0.64.0-rc.2)
    - React-jsi (= 0.64.0-rc.2)
    - React-jsiexecutor (= 0.64.0-rc.2)
    - React-perflogger (= 0.64.0-rc.2)
    - Yoga
  - React-Core/RCTWebSocket (0.64.0-rc.2):
    - glog
    - RCT-Folly (= 2020.01.13.00)
    - React-Core/Default (= 0.64.0-rc.2)
    - React-cxxreact (= 0.64.0-rc.2)
    - React-jsi (= 0.64.0-rc.2)
    - React-jsiexecutor (= 0.64.0-rc.2)
    - React-perflogger (= 0.64.0-rc.2)
    - Yoga
  - React-CoreModules (0.64.0-rc.2):
    - FBReactNativeSpec (= 0.64.0-rc.2)
    - RCT-Folly (= 2020.01.13.00)
    - RCTTypeSafety (= 0.64.0-rc.2)
    - React-Core/CoreModulesHeaders (= 0.64.0-rc.2)
    - React-jsi (= 0.64.0-rc.2)
    - React-RCTImage (= 0.64.0-rc.2)
    - ReactCommon/turbomodule/core (= 0.64.0-rc.2)
  - React-cxxreact (0.64.0-rc.2):
    - boost-for-react-native (= 1.63.0)
    - DoubleConversion
    - glog
    - RCT-Folly (= 2020.01.13.00)
    - React-callinvoker (= 0.64.0-rc.2)
    - React-jsi (= 0.64.0-rc.2)
    - React-jsinspector (= 0.64.0-rc.2)
    - React-perflogger (= 0.64.0-rc.2)
    - React-runtimeexecutor (= 0.64.0-rc.2)
  - React-jsi (0.64.0-rc.2):
    - boost-for-react-native (= 1.63.0)
    - DoubleConversion
    - glog
    - RCT-Folly (= 2020.01.13.00)
    - React-jsi/Default (= 0.64.0-rc.2)
  - React-jsi/Default (0.64.0-rc.2):
    - boost-for-react-native (= 1.63.0)
    - DoubleConversion
    - glog
    - RCT-Folly (= 2020.01.13.00)
  - React-jsiexecutor (0.64.0-rc.2):
    - DoubleConversion
    - glog
    - RCT-Folly (= 2020.01.13.00)
    - React-cxxreact (= 0.64.0-rc.2)
    - React-jsi (= 0.64.0-rc.2)
    - React-perflogger (= 0.64.0-rc.2)
  - React-jsinspector (0.64.0-rc.2)
  - react-native-blur (0.8.0):
    - React
  - react-native-fbsdk (3.0.0):
    - React
    - react-native-fbsdk/Core (= 3.0.0)
    - react-native-fbsdk/Login (= 3.0.0)
    - react-native-fbsdk/Share (= 3.0.0)
  - react-native-fbsdk/Core (3.0.0):
    - FBSDKCoreKit (~> 8.1)
    - React
  - react-native-fbsdk/Login (3.0.0):
    - FBSDKLoginKit (~> 8.1)
    - React
  - react-native-fbsdk/Share (3.0.0):
    - FBSDKShareKit (~> 8.1)
    - React
  - react-native-image-picker (3.1.2):
    - React
  - react-native-orientation-locker (1.2.0):
    - React-Core
  - react-native-safe-area-context (3.1.9):
    - React-Core
  - react-native-slider (3.0.3):
    - React
  - react-native-startup-time (1.3.0):
    - React
  - react-native-version-check (3.4.2):
    - React
  - react-native-video (4.4.5):
    - React
    - react-native-video/Video (= 4.4.5)
  - react-native-video/Video (4.4.5):
    - React
  - react-native-webview (10.10.2):
    - React-Core
  - React-perflogger (0.64.0-rc.2)
  - React-RCTActionSheet (0.64.0-rc.2):
    - React-Core/RCTActionSheetHeaders (= 0.64.0-rc.2)
  - React-RCTAnimation (0.64.0-rc.2):
    - FBReactNativeSpec (= 0.64.0-rc.2)
    - RCT-Folly (= 2020.01.13.00)
    - RCTTypeSafety (= 0.64.0-rc.2)
    - React-Core/RCTAnimationHeaders (= 0.64.0-rc.2)
    - React-jsi (= 0.64.0-rc.2)
    - ReactCommon/turbomodule/core (= 0.64.0-rc.2)
  - React-RCTBlob (0.64.0-rc.2):
    - FBReactNativeSpec (= 0.64.0-rc.2)
    - RCT-Folly (= 2020.01.13.00)
    - React-Core/RCTBlobHeaders (= 0.64.0-rc.2)
    - React-Core/RCTWebSocket (= 0.64.0-rc.2)
    - React-jsi (= 0.64.0-rc.2)
    - React-RCTNetwork (= 0.64.0-rc.2)
    - ReactCommon/turbomodule/core (= 0.64.0-rc.2)
  - React-RCTImage (0.64.0-rc.2):
    - FBReactNativeSpec (= 0.64.0-rc.2)
    - RCT-Folly (= 2020.01.13.00)
    - RCTTypeSafety (= 0.64.0-rc.2)
    - React-Core/RCTImageHeaders (= 0.64.0-rc.2)
    - React-jsi (= 0.64.0-rc.2)
    - React-RCTNetwork (= 0.64.0-rc.2)
    - ReactCommon/turbomodule/core (= 0.64.0-rc.2)
  - React-RCTLinking (0.64.0-rc.2):
    - FBReactNativeSpec (= 0.64.0-rc.2)
    - React-Core/RCTLinkingHeaders (= 0.64.0-rc.2)
    - React-jsi (= 0.64.0-rc.2)
    - ReactCommon/turbomodule/core (= 0.64.0-rc.2)
  - React-RCTNetwork (0.64.0-rc.2):
    - FBReactNativeSpec (= 0.64.0-rc.2)
    - RCT-Folly (= 2020.01.13.00)
    - RCTTypeSafety (= 0.64.0-rc.2)
    - React-Core/RCTNetworkHeaders (= 0.64.0-rc.2)
    - React-jsi (= 0.64.0-rc.2)
    - ReactCommon/turbomodule/core (= 0.64.0-rc.2)
  - React-RCTSettings (0.64.0-rc.2):
    - FBReactNativeSpec (= 0.64.0-rc.2)
    - RCT-Folly (= 2020.01.13.00)
    - RCTTypeSafety (= 0.64.0-rc.2)
    - React-Core/RCTSettingsHeaders (= 0.64.0-rc.2)
    - React-jsi (= 0.64.0-rc.2)
    - ReactCommon/turbomodule/core (= 0.64.0-rc.2)
  - React-RCTText (0.64.0-rc.2):
    - React-Core/RCTTextHeaders (= 0.64.0-rc.2)
  - React-RCTVibration (0.64.0-rc.2):
    - FBReactNativeSpec (= 0.64.0-rc.2)
    - RCT-Folly (= 2020.01.13.00)
    - React-Core/RCTVibrationHeaders (= 0.64.0-rc.2)
    - React-jsi (= 0.64.0-rc.2)
    - ReactCommon/turbomodule/core (= 0.64.0-rc.2)
  - React-runtimeexecutor (0.64.0-rc.2):
    - React-jsi (= 0.64.0-rc.2)
  - ReactCommon/turbomodule/core (0.64.0-rc.2):
    - DoubleConversion
    - glog
    - RCT-Folly (= 2020.01.13.00)
    - React-callinvoker (= 0.64.0-rc.2)
    - React-Core (= 0.64.0-rc.2)
    - React-cxxreact (= 0.64.0-rc.2)
    - React-jsi (= 0.64.0-rc.2)
    - React-perflogger (= 0.64.0-rc.2)
  - rn-fetch-blob (0.12.0):
    - React-Core
  - RNAppleAuthentication (2.1.0):
    - React-Core
  - RNBootSplash (3.1.2):
    - React-Core
  - RNCAsyncStorage (1.13.2):
    - React
  - RNCClipboard (1.5.1):
    - React-Core
  - RNCMaskedView (0.1.10):
    - React
  - RNCPushNotificationIOS (1.8.0):
    - React-Core
  - RNDateTimePicker (3.0.8):
    - React-Core
  - RNDeviceInfo (7.3.1):
    - React-Core
  - RNFastImage (8.3.4):
    - React-Core
    - SDWebImage (~> 5.8)
    - SDWebImageWebPCoder (~> 0.6.1)
  - RNFBAnalytics (10.3.1):
    - Firebase/Analytics (~> 7.3.0)
    - React-Core
    - RNFBApp
  - RNFBApp (10.3.0):
    - Firebase/CoreOnly (~> 7.3.0)
    - React-Core
  - RNFBCrashlytics (10.3.1):
    - Firebase/Crashlytics (~> 7.3.0)
    - React-Core
    - RNFBApp
  - RNFBDynamicLinks (10.3.1):
    - Firebase/DynamicLinks (~> 7.3.0)
    - GoogleUtilities/AppDelegateSwizzler
    - React-Core
    - RNFBApp
  - RNFBPerf (10.3.1):
    - Firebase/Performance (~> 7.3.0)
    - React-Core
    - RNFBApp
  - RNGestureHandler (1.9.0):
    - React-Core
  - RNImageCropPicker (0.35.2):
    - React-Core
    - React-RCTImage
    - RNImageCropPicker/QBImagePickerController (= 0.35.2)
    - TOCropViewController
  - RNImageCropPicker/QBImagePickerController (0.35.2):
    - React-Core
    - React-RCTImage
    - TOCropViewController
  - RNLocalize (2.0.1):
    - React-Core
  - RNPermissions (3.0.0):
    - React-Core
  - RNReanimated (1.13.2):
    - React-Core
  - RNScreens (2.16.1):
    - React-Core
  - RNShare (4.1.1):
    - React-Core
  - SDWebImage (5.10.2):
    - SDWebImage/Core (= 5.10.2)
  - SDWebImage/Core (5.10.2)
  - SDWebImageWebPCoder (0.6.1):
    - libwebp (~> 1.0)
    - SDWebImage/Core (~> 5.7)
  - TOCropViewController (2.6.0)
  - Yoga (1.14.0)
  - YogaKit (1.18.1):
    - Yoga (~> 1.14)

DEPENDENCIES:
  - BVLinearGradient (from `../node_modules/react-native-linear-gradient`)
  - DoubleConversion (from `../node_modules/react-native/third-party-podspecs/DoubleConversion.podspec`)
  - FBLazyVector (from `../node_modules/react-native/Libraries/FBLazyVector`)
  - FBReactNativeSpec (from `../node_modules/react-native/Libraries/FBReactNativeSpec`)
  - Flipper (~> 0.54.0)
  - Flipper-DoubleConversion (= 1.1.7)
  - Flipper-Folly (~> 2.2)
  - Flipper-Glog (= 0.3.6)
  - Flipper-PeerTalk (~> 0.0.4)
  - Flipper-RSocket (~> 1.1)
  - FlipperKit (~> 0.54.0)
  - FlipperKit/Core (~> 0.54.0)
  - FlipperKit/CppBridge (~> 0.54.0)
  - FlipperKit/FBCxxFollyDynamicConvert (~> 0.54.0)
  - FlipperKit/FBDefines (~> 0.54.0)
  - FlipperKit/FKPortForwarding (~> 0.54.0)
  - FlipperKit/FlipperKitHighlightOverlay (~> 0.54.0)
  - FlipperKit/FlipperKitLayoutPlugin (~> 0.54.0)
  - FlipperKit/FlipperKitLayoutTextSearchable (~> 0.54.0)
  - FlipperKit/FlipperKitNetworkPlugin (~> 0.54.0)
  - FlipperKit/FlipperKitReactPlugin (~> 0.54.0)
  - FlipperKit/FlipperKitUserDefaultsPlugin (~> 0.54.0)
  - FlipperKit/SKIOSNetworkPlugin (~> 0.54.0)
  - glog (from `../node_modules/react-native/third-party-podspecs/glog.podspec`)
  - Permission-Camera (from `../node_modules/react-native-permissions/ios/Camera`)
  - Permission-Notifications (from `../node_modules/react-native-permissions/ios/Notifications`)
  - Permission-PhotoLibrary (from `../node_modules/react-native-permissions/ios/PhotoLibrary`)
  - RCT-Folly (from `../node_modules/react-native/third-party-podspecs/RCT-Folly.podspec`)
  - RCTRequired (from `../node_modules/react-native/Libraries/RCTRequired`)
  - RCTTypeSafety (from `../node_modules/react-native/Libraries/TypeSafety`)
  - React (from `../node_modules/react-native/`)
  - React-callinvoker (from `../node_modules/react-native/ReactCommon/callinvoker`)
  - React-Core (from `../node_modules/react-native/`)
  - React-Core/DevSupport (from `../node_modules/react-native/`)
  - React-Core/RCTWebSocket (from `../node_modules/react-native/`)
  - React-CoreModules (from `../node_modules/react-native/React/CoreModules`)
  - React-cxxreact (from `../node_modules/react-native/ReactCommon/cxxreact`)
  - React-jsi (from `../node_modules/react-native/ReactCommon/jsi`)
  - React-jsiexecutor (from `../node_modules/react-native/ReactCommon/jsiexecutor`)
  - React-jsinspector (from `../node_modules/react-native/ReactCommon/jsinspector`)
  - "react-native-blur (from `../node_modules/@react-native-community/blur`)"
  - react-native-fbsdk (from `../node_modules/react-native-fbsdk`)
  - react-native-image-picker (from `../node_modules/react-native-image-picker`)
  - react-native-orientation-locker (from `../node_modules/react-native-orientation-locker`)
  - react-native-safe-area-context (from `../node_modules/react-native-safe-area-context`)
  - "react-native-slider (from `../node_modules/@react-native-community/slider`)"
  - react-native-startup-time (from `../node_modules/react-native-startup-time`)
  - react-native-version-check (from `../node_modules/react-native-version-check`)
  - react-native-video (from `../node_modules/react-native-video`)
  - react-native-webview (from `../node_modules/react-native-webview`)
  - React-perflogger (from `../node_modules/react-native/ReactCommon/reactperflogger`)
  - React-RCTActionSheet (from `../node_modules/react-native/Libraries/ActionSheetIOS`)
  - React-RCTAnimation (from `../node_modules/react-native/Libraries/NativeAnimation`)
  - React-RCTBlob (from `../node_modules/react-native/Libraries/Blob`)
  - React-RCTImage (from `../node_modules/react-native/Libraries/Image`)
  - React-RCTLinking (from `../node_modules/react-native/Libraries/LinkingIOS`)
  - React-RCTNetwork (from `../node_modules/react-native/Libraries/Network`)
  - React-RCTSettings (from `../node_modules/react-native/Libraries/Settings`)
  - React-RCTText (from `../node_modules/react-native/Libraries/Text`)
  - React-RCTVibration (from `../node_modules/react-native/Libraries/Vibration`)
  - React-runtimeexecutor (from `../node_modules/react-native/ReactCommon/runtimeexecutor`)
  - ReactCommon/turbomodule/core (from `../node_modules/react-native/ReactCommon`)
  - rn-fetch-blob (from `../node_modules/rn-fetch-blob`)
  - "RNAppleAuthentication (from `../node_modules/@invertase/react-native-apple-authentication`)"
  - RNBootSplash (from `../node_modules/react-native-bootsplash`)
  - "RNCAsyncStorage (from `../node_modules/@react-native-async-storage/async-storage`)"
  - "RNCClipboard (from `../node_modules/@react-native-community/clipboard`)"
  - "RNCMaskedView (from `../node_modules/@react-native-community/masked-view`)"
  - "RNCPushNotificationIOS (from `../node_modules/@react-native-community/push-notification-ios`)"
  - "RNDateTimePicker (from `../node_modules/@react-native-community/datetimepicker`)"
  - RNDeviceInfo (from `../node_modules/react-native-device-info`)
  - RNFastImage (from `../node_modules/react-native-fast-image`)
  - "RNFBAnalytics (from `../node_modules/@react-native-firebase/analytics`)"
  - "RNFBApp (from `../node_modules/@react-native-firebase/app`)"
  - "RNFBCrashlytics (from `../node_modules/@react-native-firebase/crashlytics`)"
  - "RNFBDynamicLinks (from `../node_modules/@react-native-firebase/dynamic-links`)"
  - "RNFBPerf (from `../node_modules/@react-native-firebase/perf`)"
  - RNGestureHandler (from `../node_modules/react-native-gesture-handler`)
  - RNImageCropPicker (from `../node_modules/react-native-image-crop-picker`)
  - RNLocalize (from `../node_modules/react-native-localize`)
  - RNPermissions (from `../node_modules/react-native-permissions`)
  - RNReanimated (from `../node_modules/react-native-reanimated`)
  - RNScreens (from `../node_modules/react-native-screens`)
  - RNShare (from `../node_modules/react-native-share`)
  - Yoga (from `../node_modules/react-native/ReactCommon/yoga`)

SPEC REPOS:
  trunk:
    - boost-for-react-native
    - CocoaAsyncSocket
    - CocoaLibEvent
    - FBSDKCoreKit
    - FBSDKLoginKit
    - FBSDKShareKit
    - Firebase
    - FirebaseABTesting
    - FirebaseAnalytics
    - FirebaseCore
    - FirebaseCoreDiagnostics
    - FirebaseCrashlytics
    - FirebaseDynamicLinks
    - FirebaseInstallations
    - FirebasePerformance
    - FirebaseRemoteConfig
    - Flipper
    - Flipper-DoubleConversion
    - Flipper-Folly
    - Flipper-Glog
    - Flipper-PeerTalk
    - Flipper-RSocket
    - FlipperKit
    - GoogleAppMeasurement
    - GoogleDataTransport
    - GoogleToolboxForMac
    - GoogleUtilities
    - GTMSessionFetcher
    - libwebp
    - nanopb
    - OpenSSL-Universal
    - PromisesObjC
    - Protobuf
    - SDWebImage
    - SDWebImageWebPCoder
    - TOCropViewController
    - YogaKit

EXTERNAL SOURCES:
  BVLinearGradient:
    :path: "../node_modules/react-native-linear-gradient"
  DoubleConversion:
    :podspec: "../node_modules/react-native/third-party-podspecs/DoubleConversion.podspec"
  FBLazyVector:
    :path: "../node_modules/react-native/Libraries/FBLazyVector"
  FBReactNativeSpec:
    :path: "../node_modules/react-native/Libraries/FBReactNativeSpec"
  glog:
    :podspec: "../node_modules/react-native/third-party-podspecs/glog.podspec"
  Permission-Camera:
    :path: "../node_modules/react-native-permissions/ios/Camera"
  Permission-Notifications:
    :path: "../node_modules/react-native-permissions/ios/Notifications"
  Permission-PhotoLibrary:
    :path: "../node_modules/react-native-permissions/ios/PhotoLibrary"
  RCT-Folly:
    :podspec: "../node_modules/react-native/third-party-podspecs/RCT-Folly.podspec"
  RCTRequired:
    :path: "../node_modules/react-native/Libraries/RCTRequired"
  RCTTypeSafety:
    :path: "../node_modules/react-native/Libraries/TypeSafety"
  React:
    :path: "../node_modules/react-native/"
  React-callinvoker:
    :path: "../node_modules/react-native/ReactCommon/callinvoker"
  React-Core:
    :path: "../node_modules/react-native/"
  React-CoreModules:
    :path: "../node_modules/react-native/React/CoreModules"
  React-cxxreact:
    :path: "../node_modules/react-native/ReactCommon/cxxreact"
  React-jsi:
    :path: "../node_modules/react-native/ReactCommon/jsi"
  React-jsiexecutor:
    :path: "../node_modules/react-native/ReactCommon/jsiexecutor"
  React-jsinspector:
    :path: "../node_modules/react-native/ReactCommon/jsinspector"
  react-native-blur:
    :path: "../node_modules/@react-native-community/blur"
  react-native-fbsdk:
    :path: "../node_modules/react-native-fbsdk"
  react-native-image-picker:
    :path: "../node_modules/react-native-image-picker"
  react-native-orientation-locker:
    :path: "../node_modules/react-native-orientation-locker"
  react-native-safe-area-context:
    :path: "../node_modules/react-native-safe-area-context"
  react-native-slider:
    :path: "../node_modules/@react-native-community/slider"
  react-native-startup-time:
    :path: "../node_modules/react-native-startup-time"
  react-native-version-check:
    :path: "../node_modules/react-native-version-check"
  react-native-video:
    :path: "../node_modules/react-native-video"
  react-native-webview:
    :path: "../node_modules/react-native-webview"
  React-perflogger:
    :path: "../node_modules/react-native/ReactCommon/reactperflogger"
  React-RCTActionSheet:
    :path: "../node_modules/react-native/Libraries/ActionSheetIOS"
  React-RCTAnimation:
    :path: "../node_modules/react-native/Libraries/NativeAnimation"
  React-RCTBlob:
    :path: "../node_modules/react-native/Libraries/Blob"
  React-RCTImage:
    :path: "../node_modules/react-native/Libraries/Image"
  React-RCTLinking:
    :path: "../node_modules/react-native/Libraries/LinkingIOS"
  React-RCTNetwork:
    :path: "../node_modules/react-native/Libraries/Network"
  React-RCTSettings:
    :path: "../node_modules/react-native/Libraries/Settings"
  React-RCTText:
    :path: "../node_modules/react-native/Libraries/Text"
  React-RCTVibration:
    :path: "../node_modules/react-native/Libraries/Vibration"
  React-runtimeexecutor:
    :path: "../node_modules/react-native/ReactCommon/runtimeexecutor"
  ReactCommon:
    :path: "../node_modules/react-native/ReactCommon"
  rn-fetch-blob:
    :path: "../node_modules/rn-fetch-blob"
  RNAppleAuthentication:
    :path: "../node_modules/@invertase/react-native-apple-authentication"
  RNBootSplash:
    :path: "../node_modules/react-native-bootsplash"
  RNCAsyncStorage:
    :path: "../node_modules/@react-native-async-storage/async-storage"
  RNCClipboard:
    :path: "../node_modules/@react-native-community/clipboard"
  RNCMaskedView:
    :path: "../node_modules/@react-native-community/masked-view"
  RNCPushNotificationIOS:
    :path: "../node_modules/@react-native-community/push-notification-ios"
  RNDateTimePicker:
    :path: "../node_modules/@react-native-community/datetimepicker"
  RNDeviceInfo:
    :path: "../node_modules/react-native-device-info"
  RNFastImage:
    :path: "../node_modules/react-native-fast-image"
  RNFBAnalytics:
    :path: "../node_modules/@react-native-firebase/analytics"
  RNFBApp:
    :path: "../node_modules/@react-native-firebase/app"
  RNFBCrashlytics:
    :path: "../node_modules/@react-native-firebase/crashlytics"
  RNFBDynamicLinks:
    :path: "../node_modules/@react-native-firebase/dynamic-links"
  RNFBPerf:
    :path: "../node_modules/@react-native-firebase/perf"
  RNGestureHandler:
    :path: "../node_modules/react-native-gesture-handler"
  RNImageCropPicker:
    :path: "../node_modules/react-native-image-crop-picker"
  RNLocalize:
    :path: "../node_modules/react-native-localize"
  RNPermissions:
    :path: "../node_modules/react-native-permissions"
  RNReanimated:
    :path: "../node_modules/react-native-reanimated"
  RNScreens:
    :path: "../node_modules/react-native-screens"
  RNShare:
    :path: "../node_modules/react-native-share"
  Yoga:
    :path: "../node_modules/react-native/ReactCommon/yoga"

SPEC CHECKSUMS:
  boost-for-react-native: 39c7adb57c4e60d6c5479dd8623128eb5b3f0f2c
  BVLinearGradient: e3aad03778a456d77928f594a649e96995f1c872
  CocoaAsyncSocket: 065fd1e645c7abab64f7a6a2007a48038fdc6a99
  CocoaLibEvent: 2fab71b8bd46dd33ddb959f7928ec5909f838e3f
  DoubleConversion: cf9b38bf0b2d048436d9a82ad2abe1404f11e7de
  FBLazyVector: b21700af840f633338ac968a36da9aa3a8268887
  FBReactNativeSpec: edc149bfd34993851e297483325b755dc56778dd
  FBSDKCoreKit: 4afd6ff53d8133a433dbcda44451c9498f8c6ce4
  FBSDKLoginKit: 7181765f2524d7ebf82d9629066c8e6caafc99d0
  FBSDKShareKit: 0c0d51b3af47075a85ed9bea0e28b2fc70e3594b
  Firebase: 26223c695fe322633274198cb19dca8cb7e54416
  FirebaseABTesting: 303b5366c0c75be479424e8935e2f475cf24ce21
  FirebaseAnalytics: 2580c2d62535ae7b644143d48941fcc239ea897a
  FirebaseCore: 4d3c72622ce0e2106aaa07bb4b2935ba2c370972
  FirebaseCoreDiagnostics: d50e11039e5984d92c8a512be2395f13df747350
  FirebaseCrashlytics: d31325312c92e2cb2f0386d589b9aa44e303d99b
  FirebaseDynamicLinks: a6df95d6dbc746c2bbf7d511343cda1344e2cf70
  FirebaseInstallations: 971df89b48ae5ee4cc2bf6935f3857a525d28550
  FirebasePerformance: 7915b7dfc8258030d5fac9544d7fa6b55fbe3e57
  FirebaseRemoteConfig: 826fad8bec5ce1912ef97a124d6ec0ce4dcf6ec1
  Flipper: be611d4b742d8c87fbae2ca5f44603a02539e365
  Flipper-DoubleConversion: 38631e41ef4f9b12861c67d17cb5518d06badc41
  Flipper-Folly: e4493b013c02d9347d5e0cb4d128680239f6c78a
  Flipper-Glog: 1dfd6abf1e922806c52ceb8701a3599a79a200a6
  Flipper-PeerTalk: 116d8f857dc6ef55c7a5a75ea3ceaafe878aadc9
  Flipper-RSocket: 64e7431a55835eb953b0bf984ef3b90ae9fdddd7
  FlipperKit: ab353d41aea8aae2ea6daaf813e67496642f3d7d
  glog: 73c2498ac6884b13ede40eda8228cb1eee9d9d62
  GoogleAppMeasurement: 8d3c0aeede16ab7764144b5a4ca8e1d4323841b7
  GoogleDataTransport: 116c84c4bdeb76be2a7a46de51244368f9794eab
  GoogleToolboxForMac: 1350d40e86a76f7863928d63bcb0b89c84c521c5
  GoogleUtilities: 3dc4ff0d5e4840e2fa8eef0889620e8c33d4218c
  GTMSessionFetcher: b3503b20a988c4e20cc189aa798fd18220133f52
  libwebp: 946cb3063cea9236285f7e9a8505d806d30e07f3
  nanopb: 1bf24dd71191072e120b83dd02d08f3da0d65e53
  OpenSSL-Universal: ff34003318d5e1163e9529b08470708e389ffcdd
  Permission-Camera: 119b01de97a5b3edb637999e38476b68143b9d17
  Permission-Notifications: 5c69bf2f6c1e30345af4f25e2981dc1c8dafbc22
  Permission-PhotoLibrary: cb9cdc1e3744e26ab404297a8e289d50c8ee27e8
  PromisesObjC: 3113f7f76903778cf4a0586bd1ab89329a0b7b97
  Protobuf: 0cde852566359049847168e51bd1c690e0f70056
  RCT-Folly: ec7a233ccc97cc556cf7237f0db1ff65b986f27c
  RCTRequired: fa44b153ba69cb9dd6cec5084b86719e3be7c90b
  RCTTypeSafety: 8e815e0f29ed65901e4e2963a90063a4cfcb7d5e
  React: b15c115b6d33432ab036d4ba7e37b45401499256
  React-callinvoker: e8eb22bce9032ae162e090bd4496f8d7f843a58a
  React-Core: 0730699f3d551241ceb811c516b9a1695474ba24
  React-CoreModules: 573f7fea888ed0432c2eca21a0678700aa3b0f4a
  React-cxxreact: f04960e50d616fa00dcbe4a00549330bf5090f90
  React-jsi: 506ee28d88192ca5a722d935376a198c84d9ce4c
  React-jsiexecutor: 6460524de9e4c96a983e52aa63c44603560af362
  React-jsinspector: 611432ab882ba76844598bc5e16bdf10e63816a8
  react-native-blur: cad4d93b364f91e7b7931b3fa935455487e5c33c
  react-native-fbsdk: 8e92c7a334fd8d9c2b5d8b8fcd7ae2c314161099
  react-native-image-picker: a2b7ee36dabe1e511dab6fb79918633a4fd3d7ce
  react-native-orientation-locker: a4a6574b179629698f0facebcc2e8551378a127d
  react-native-safe-area-context: b6e0e284002381d2ff29fa4fff42b4d8282e3c94
  react-native-slider: e99fc201cefe81270fc9d81714a7a0f5e566b168
  react-native-startup-time: 740451fcbc7e3c8f67b036365387401ab917de1c
  react-native-version-check: d8b8900e6ce03ae1568cb22ef9451f2508188883
  react-native-video: eee541262ada11bc7ffe8ec5508e6a877937c462
  react-native-webview: 0aa2cde4ee7e3e1c5fffdf64dbce9c709aa18155
  React-perflogger: bca76d7279e5fb9863de266154026e0d5bd79f86
  React-RCTActionSheet: 685edbce7c0ea41c467539899a8c2eea4dc8fde9
  React-RCTAnimation: 325fad5fe7d13823c46753bb76db756737a4df8c
  React-RCTBlob: 0fa85fe13af364ec36a9587cee1b3fbd796e7d45
  React-RCTImage: 0f2d5452f3d407f4a12c952d2d3e1348df720bae
  React-RCTLinking: fe9fb3e830b42842b67b2a0e283a531f5932436c
  React-RCTNetwork: 75dc7a11b91eeb21bc76523192c7ff6bbedd4b07
  React-RCTSettings: 2e7a3d2a26e1619d0e8160ba2771b97fbfd1e208
  React-RCTText: 15b5da436786b77032c9c97f3dcc4d7bfd793c4b
  React-RCTVibration: 93c2f243bebd392a4fad35f55e3d79dd096a4f92
  React-runtimeexecutor: 15492c8842d72b14765986b5bfbaaf5468210f13
  ReactCommon: c8ae344df0376e043f2899a5badb60709d24821e
  rn-fetch-blob: f065bb7ab7fb48dd002629f8bdcb0336602d3cba
  RNAppleAuthentication: 46cbc67739bae83ca229497f9b0038f3f5431443
  RNBootSplash: a9544ba7f1a68b561e61e9efc68e2b3eec05dcef
  RNCAsyncStorage: 05bae7ecfab1cbd5441993f1ca098f7c3b3f8d0e
  RNCClipboard: 41d8d918092ae8e676f18adada19104fa3e68495
  RNCMaskedView: 5a8ec07677aa885546a0d98da336457e2bea557f
  RNCPushNotificationIOS: 61a7c72bd1ebad3568025957d001e0f0e7b32191
  RNDateTimePicker: 8eba76de1afd556bc00c874f4d0c0616e30e32f1
  RNDeviceInfo: 6ecb1d1c87d20e4c62354be0348de23362824dcd
  RNFastImage: d4870d58f5936111c56218dbd7fcfc18e65b58ff
  RNFBAnalytics: 2fb60eedb8cead61797417cc7c33f087ce78e6c3
  RNFBApp: d5bc110403b55ba26ac441716259bd514d559cc5
  RNFBCrashlytics: 35964e0e2eaa37ea79cb43d43e76f7575358b68d
  RNFBDynamicLinks: 1516a852ab41a939ebe71abf1172e7c71592bfce
  RNFBPerf: b0ec900816322d7574f4d87e192b59d2edfc482e
  RNGestureHandler: 9b7e605a741412e20e13c512738a31bd1611759b
  RNImageCropPicker: 9e0bf18cf4184a846fed55747c8e622208b39947
  RNLocalize: 41026b7c14878f1a1b381bc79f668f1fbf841adb
  RNPermissions: 99dd8d4a30ff13509b949ca63cd1f69edc461775
  RNReanimated: e03f7425cb7a38dcf1b644d680d1bfc91c3337ad
  RNScreens: 45c457af3d2ee9e08fc01e70da87e653d46b1198
  RNShare: 26cad4c6f7e0229cc6f7e143444928f36c0ee3d1
  SDWebImage: b969dcfc02c40a5da71eac0b03b8f1a0c794a86f
  SDWebImageWebPCoder: d0dac55073088d24b2ac1b191a71a8f8d0adac21
  TOCropViewController: 3105367e808b7d3d886a74ff59bf4804e7d3ab38
  Yoga: 17d4f4db4e2efbaa7c3bc316ce4f762d02c4023d
  YogaKit: f782866e155069a2cca2517aafea43200b01fd5a

PODFILE CHECKSUM: 4e428a59b682b824c5d785408f4e1423a0cfc654

COCOAPODS: 1.10.0
