// !$*UTF8*$!
{
	archiveVersion = 1;
	classes = {
	};
	objectVersion = 46;
	objects = {

/* Begin PBXBuildFile section */
		00C302E51ABCBA2D00DB3ED1 /* libRCTActionSheet.a in Frameworks */ = {isa = PBXBuildFile; fileRef = 00C302AC1ABCB8CE00DB3ED1 /* libRCTActionSheet.a */; };
		00C302E71ABCBA2D00DB3ED1 /* libRCTGeolocation.a in Frameworks */ = {isa = PBXBuildFile; fileRef = 00C302BA1ABCB90400DB3ED1 /* libRCTGeolocation.a */; };
		00C302E81ABCBA2D00DB3ED1 /* libRCTImage.a in Frameworks */ = {isa = PBXBuildFile; fileRef = 00C302C01ABCB91800DB3ED1 /* libRCTImage.a */; };
		00C302E91ABCBA2D00DB3ED1 /* libRCTNetwork.a in Frameworks */ = {isa = PBXBuildFile; fileRef = 00C302DC1ABCB9D200DB3ED1 /* libRCTNetwork.a */; };
		00C302EA1ABCBA2D00DB3ED1 /* libRCTVibration.a in Frameworks */ = {isa = PBXBuildFile; fileRef = 00C302E41ABCB9EE00DB3ED1 /* libRCTVibration.a */; };
		11AAD279280845E596639622 /* libRCTContacts.a in Frameworks */ = {isa = PBXBuildFile; fileRef = CB14C2CF62514C3B956DBCB9 /* libRCTContacts.a */; };
		133E29F31AD74F7200F7D852 /* libRCTLinking.a in Frameworks */ = {isa = PBXBuildFile; fileRef = 78C398B91ACF4ADC00677621 /* libRCTLinking.a */; };
		139105C61AF99C1200B5F7CC /* libRCTSettings.a in Frameworks */ = {isa = PBXBuildFile; fileRef = 139105C11AF99BAD00B5F7CC /* libRCTSettings.a */; };
		139FDEF61B0652A700C62182 /* libRCTWebSocket.a in Frameworks */ = {isa = PBXBuildFile; fileRef = 139FDEF41B06529B00C62182 /* libRCTWebSocket.a */; };
		146834051AC3E58100842450 /* libReact.a in Frameworks */ = {isa = PBXBuildFile; fileRef = 146834041AC3E56700842450 /* libReact.a */; };
		243D4CDC25B5460DA0A0F510 /* libRNSVG.a in Frameworks */ = {isa = PBXBuildFile; fileRef = 09EDD208638F4E6EACA5C593 /* libRNSVG.a */; };
		282A8DA3CDCB4F5F8AD4CAD2 /* libRNFetchBlob.a in Frameworks */ = {isa = PBXBuildFile; fileRef = AD2B14044EBD4A25962BC1E3 /* libRNFetchBlob.a */; };
		2A844C434B264FCA8AD51887 /* libSMXCrashlytics.a in Frameworks */ = {isa = PBXBuildFile; fileRef = B81E6293ED38402A935FA0AA /* libSMXCrashlytics.a */; };
		376E6513900E4B6B98D8A273 /* FontAwesome.ttf in Resources */ = {isa = PBXBuildFile; fileRef = 1BBE48D9CC9B4230B97BD4A6 /* FontAwesome.ttf */; };
		37C585BED12E4623ACE9A188 /* MaterialCommunityIcons.ttf in Resources */ = {isa = PBXBuildFile; fileRef = B28BBB1231AA4B02BE808F38 /* MaterialCommunityIcons.ttf */; };
		3927A5D9B7514E6B87EF2F6E /* libRNVectorIcons.a in Frameworks */ = {isa = PBXBuildFile; fileRef = C46F7859051745A78AC80443 /* libRNVectorIcons.a */; };
		5E800670D75D48D0BCA62A1C /* libRNGestureHandler.a in Frameworks */ = {isa = PBXBuildFile; fileRef = A97C5E8C203E4C0CA8397C5C /* libRNGestureHandler.a */; };
		5E9157361DD0AC6A00FF2AA8 /* libRCTAnimation.a in Frameworks */ = {isa = PBXBuildFile; fileRef = 5E9157331DD0AC6500FF2AA8 /* libRCTAnimation.a */; };
		7E7CF9FEC7E84378BFB5B7AD /* MaterialIcons.ttf in Resources */ = {isa = PBXBuildFile; fileRef = 545A5D77F21E487AB64765F1 /* MaterialIcons.ttf */; };
		7F7ED823D55D4CFFBF61C066 /* libRNSpinkit.a in Frameworks */ = {isa = PBXBuildFile; fileRef = 505E47108A06402A8F975A58 /* libRNSpinkit.a */; };
		832341BD1AAA6AB300B99B32 /* libRCTText.a in Frameworks */ = {isa = PBXBuildFile; fileRef = 832341B51AAA6A8300B99B32 /* libRCTText.a */; };
		8A4A9F91FD9C47A8B9407344 /* libRNImagePicker.a in Frameworks */ = {isa = PBXBuildFile; fileRef = C7B2633AC1B447B8B7203871 /* libRNImagePicker.a */; };
		9324CD4F21FBB90A0005E7A3 /* libsqlite3.0.tbd in Frameworks */ = {isa = PBXBuildFile; fileRef = 9324CD4E21FBB9090005E7A3 /* libsqlite3.0.tbd */; };
		9324CD7B21FBBB9C0005E7A3 /* AdobeMobileLibrary.a in Frameworks */ = {isa = PBXBuildFile; fileRef = 9324CD7521FBBB9B0005E7A3 /* AdobeMobileLibrary.a */; };
		9324CD7D21FBBB9C0005E7A3 /* ADBMobileConfig.json in Resources */ = {isa = PBXBuildFile; fileRef = 9324CD7821FBBB9C0005E7A3 /* ADBMobileConfig.json */; };
		932AA1BC1F602AFB008937B1 /* AppDelegate.m in Sources */ = {isa = PBXBuildFile; fileRef = 932AA1B71F602AFB008937B1 /* AppDelegate.m */; };
		932AA1BD1F602AFB008937B1 /* Images.xcassets in Resources */ = {isa = PBXBuildFile; fileRef = 932AA1B81F602AFB008937B1 /* Images.xcassets */; };
		932AA1BF1F602AFB008937B1 /* main.m in Sources */ = {isa = PBXBuildFile; fileRef = 932AA1BA1F602AFB008937B1 /* main.m */; };
		93981C6A20F8FA9700298F4A /* GoogleToolboxForMac.framework in Frameworks */ = {isa = PBXBuildFile; fileRef = 93981C6320F8FA9500298F4A /* GoogleToolboxForMac.framework */; };
		93981C6B20F8FA9700298F4A /* nanopb.framework in Frameworks */ = {isa = PBXBuildFile; fileRef = 93981C6420F8FA9600298F4A /* nanopb.framework */; };
		93981C6C20F8FA9700298F4A /* FirebaseNanoPB.framework in Frameworks */ = {isa = PBXBuildFile; fileRef = 93981C6520F8FA9600298F4A /* FirebaseNanoPB.framework */; };
		93981C6D20F8FA9700298F4A /* FirebaseInstanceID.framework in Frameworks */ = {isa = PBXBuildFile; fileRef = 93981C6620F8FA9600298F4A /* FirebaseInstanceID.framework */; };
		93981C6E20F8FA9700298F4A /* FirebaseAnalytics.framework in Frameworks */ = {isa = PBXBuildFile; fileRef = 93981C6720F8FA9700298F4A /* FirebaseAnalytics.framework */; };
		93981C6F20F8FA9700298F4A /* FirebaseCore.framework in Frameworks */ = {isa = PBXBuildFile; fileRef = 93981C6820F8FA9700298F4A /* FirebaseCore.framework */; };
		93B8E0FA21FBCC3A005621CC /* libreactnativeomnitureapi.a in Frameworks */ = {isa = PBXBuildFile; fileRef = 93B8E0F921FBCC26005621CC /* libreactnativeomnitureapi.a */; };
		93EA25DD2108D9E000E25254 /* FirebaseDynamicLinks.framework in Frameworks */ = {isa = PBXBuildFile; fileRef = 93EA25DC2108D9E000E25254 /* FirebaseDynamicLinks.framework */; };
		940EDA746F8C400E9F79B6E4 /* libRNDeviceInfo.a in Frameworks */ = {isa = PBXBuildFile; fileRef = E2639A6467134ABEAB39E1AA /* libRNDeviceInfo.a */; };
		AE0A75851F4271FE000A51EA /* TitilliumWeb-Regular.ttf in Resources */ = {isa = PBXBuildFile; fileRef = AE0A75841F4271FE000A51EA /* TitilliumWeb-Regular.ttf */; };
		AE0A75871F42720D000A51EA /* TitilliumWeb-SemiBold.ttf in Resources */ = {isa = PBXBuildFile; fileRef = AE0A75861F42720D000A51EA /* TitilliumWeb-SemiBold.ttf */; };
		AE0A75891F427225000A51EA /* TitilliumWeb-Bold.ttf in Resources */ = {isa = PBXBuildFile; fileRef = AE0A75881F427225000A51EA /* TitilliumWeb-Bold.ttf */; };
		AE57875D20B5D85A0004A3EA /* Bolts.framework in Frameworks */ = {isa = PBXBuildFile; fileRef = AE57875C20B5D85A0004A3EA /* Bolts.framework */; };
		AE57875F20B5D86B0004A3EA /* FBSDKCoreKit.framework in Frameworks */ = {isa = PBXBuildFile; fileRef = AE57875E20B5D86B0004A3EA /* FBSDKCoreKit.framework */; };
		AE57876120B5D87A0004A3EA /* FBSDKLoginKit.framework in Frameworks */ = {isa = PBXBuildFile; fileRef = AE57876020B5D8790004A3EA /* FBSDKLoginKit.framework */; };
		AE57876320B5D88B0004A3EA /* FBSDKShareKit.framework in Frameworks */ = {isa = PBXBuildFile; fileRef = AE57876220B5D88B0004A3EA /* FBSDKShareKit.framework */; };
		AE5BE0301F607ACC0091810F /* LaunchScreen.xib in Resources */ = {isa = PBXBuildFile; fileRef = AE5BE02F1F607ACC0091810F /* LaunchScreen.xib */; };
		AE5BE03F1F609C860091810F /* libRCTFBSDK.a in Frameworks */ = {isa = PBXBuildFile; fileRef = AE5BE03E1F609C760091810F /* libRCTFBSDK.a */; };
		AE5BE0C51F631E2F0091810F /* Fabric.framework in Frameworks */ = {isa = PBXBuildFile; fileRef = AE5BE0C31F631E2F0091810F /* Fabric.framework */; };
		AE5BE0C61F631E2F0091810F /* Crashlytics.framework in Frameworks */ = {isa = PBXBuildFile; fileRef = AE5BE0C41F631E2F0091810F /* Crashlytics.framework */; };
		AE6502A621514AF30031B7D1 /* GoogleService-Info.plist in Resources */ = {isa = PBXBuildFile; fileRef = AE65026E21514AF30031B7D1 /* GoogleService-Info.plist */; };
		AE832BBE1F900CAA00ABEE80 /* ukulele-sound.wav in Resources */ = {isa = PBXBuildFile; fileRef = AE832BBD1F900CAA00ABEE80 /* ukulele-sound.wav */; };
		AED242D41FD2F9E8007B9735 /* libRCTPushNotification.a in Frameworks */ = {isa = PBXBuildFile; fileRef = AED242D11FD2F9CB007B9735 /* libRCTPushNotification.a */; };
		AED975A2222F076400A0A953 /* icomoon.ttf in Resources */ = {isa = PBXBuildFile; fileRef = AED975A1222F076400A0A953 /* icomoon.ttf */; };
		C261E0A521EE42BAB748FA9B /* libSendSMS.a in Frameworks */ = {isa = PBXBuildFile; fileRef = 980A2CF4F7604EE981C018E7 /* libSendSMS.a */; };
		D7ACE48697FC459A97F26D9A /* libReactNativePermissions.a in Frameworks */ = {isa = PBXBuildFile; fileRef = 1BBABD5BB8B244F1AAE1E286 /* libReactNativePermissions.a */; };
		E9F73E50F45840238843F002 /* libRCTOrientation.a in Frameworks */ = {isa = PBXBuildFile; fileRef = 9B696DE9E1104AD29BBBCA1A /* libRCTOrientation.a */; };
		FD06F992561D4A1CA3FB6AA7 /* libRNFirebase.a in Frameworks */ = {isa = PBXBuildFile; fileRef = 5247C941CDFC4DBFA504C47E /* libRNFirebase.a */; };
/* End PBXBuildFile section */

/* Begin PBXContainerItemProxy section */
		00C302AB1ABCB8CE00DB3ED1 /* PBXContainerItemProxy */ = {
			isa = PBXContainerItemProxy;
			containerPortal = 00C302A71ABCB8CE00DB3ED1 /* RCTActionSheet.xcodeproj */;
			proxyType = 2;
			remoteGlobalIDString = 134814201AA4EA6300B7C361;
			remoteInfo = RCTActionSheet;
		};
		00C302B91ABCB90400DB3ED1 /* PBXContainerItemProxy */ = {
			isa = PBXContainerItemProxy;
			containerPortal = 00C302B51ABCB90400DB3ED1 /* RCTGeolocation.xcodeproj */;
			proxyType = 2;
			remoteGlobalIDString = 134814201AA4EA6300B7C361;
			remoteInfo = RCTGeolocation;
		};
		00C302BF1ABCB91800DB3ED1 /* PBXContainerItemProxy */ = {
			isa = PBXContainerItemProxy;
			containerPortal = 00C302BB1ABCB91800DB3ED1 /* RCTImage.xcodeproj */;
			proxyType = 2;
			remoteGlobalIDString = 58B5115D1A9E6B3D00147676;
			remoteInfo = RCTImage;
		};
		00C302DB1ABCB9D200DB3ED1 /* PBXContainerItemProxy */ = {
			isa = PBXContainerItemProxy;
			containerPortal = 00C302D31ABCB9D200DB3ED1 /* RCTNetwork.xcodeproj */;
			proxyType = 2;
			remoteGlobalIDString = 58B511DB1A9E6C8500147676;
			remoteInfo = RCTNetwork;
		};
		00C302E31ABCB9EE00DB3ED1 /* PBXContainerItemProxy */ = {
			isa = PBXContainerItemProxy;
			containerPortal = 00C302DF1ABCB9EE00DB3ED1 /* RCTVibration.xcodeproj */;
			proxyType = 2;
			remoteGlobalIDString = 832C81801AAF6DEF007FA2F7;
			remoteInfo = RCTVibration;
		};
		139105C01AF99BAD00B5F7CC /* PBXContainerItemProxy */ = {
			isa = PBXContainerItemProxy;
			containerPortal = 139105B61AF99BAD00B5F7CC /* RCTSettings.xcodeproj */;
			proxyType = 2;
			remoteGlobalIDString = 134814201AA4EA6300B7C361;
			remoteInfo = RCTSettings;
		};
		139FDEF31B06529B00C62182 /* PBXContainerItemProxy */ = {
			isa = PBXContainerItemProxy;
			containerPortal = 139FDEE61B06529A00C62182 /* RCTWebSocket.xcodeproj */;
			proxyType = 2;
			remoteGlobalIDString = 3C86DF461ADF2C930047B81A;
			remoteInfo = RCTWebSocket;
		};
		146834031AC3E56700842450 /* PBXContainerItemProxy */ = {
			isa = PBXContainerItemProxy;
			containerPortal = 146833FF1AC3E56700842450 /* React.xcodeproj */;
			proxyType = 2;
			remoteGlobalIDString = 83CBBA2E1A601D0E00E9B192;
			remoteInfo = React;
		};
		3DAD3E831DF850E9000B6D8A /* PBXContainerItemProxy */ = {
			isa = PBXContainerItemProxy;
			containerPortal = 00C302BB1ABCB91800DB3ED1 /* RCTImage.xcodeproj */;
			proxyType = 2;
			remoteGlobalIDString = 2D2A283A1D9B042B00D4039D;
			remoteInfo = "RCTImage-tvOS";
		};
		3DAD3E871DF850E9000B6D8A /* PBXContainerItemProxy */ = {
			isa = PBXContainerItemProxy;
			containerPortal = 78C398B01ACF4ADC00677621 /* RCTLinking.xcodeproj */;
			proxyType = 2;
			remoteGlobalIDString = 2D2A28471D9B043800D4039D;
			remoteInfo = "RCTLinking-tvOS";
		};
		3DAD3E8B1DF850E9000B6D8A /* PBXContainerItemProxy */ = {
			isa = PBXContainerItemProxy;
			containerPortal = 00C302D31ABCB9D200DB3ED1 /* RCTNetwork.xcodeproj */;
			proxyType = 2;
			remoteGlobalIDString = 2D2A28541D9B044C00D4039D;
			remoteInfo = "RCTNetwork-tvOS";
		};
		3DAD3E8F1DF850E9000B6D8A /* PBXContainerItemProxy */ = {
			isa = PBXContainerItemProxy;
			containerPortal = 139105B61AF99BAD00B5F7CC /* RCTSettings.xcodeproj */;
			proxyType = 2;
			remoteGlobalIDString = 2D2A28611D9B046600D4039D;
			remoteInfo = "RCTSettings-tvOS";
		};
		3DAD3E931DF850E9000B6D8A /* PBXContainerItemProxy */ = {
			isa = PBXContainerItemProxy;
			containerPortal = 832341B01AAA6A8300B99B32 /* RCTText.xcodeproj */;
			proxyType = 2;
			remoteGlobalIDString = 2D2A287B1D9B048500D4039D;
			remoteInfo = "RCTText-tvOS";
		};
		3DAD3E981DF850E9000B6D8A /* PBXContainerItemProxy */ = {
			isa = PBXContainerItemProxy;
			containerPortal = 139FDEE61B06529A00C62182 /* RCTWebSocket.xcodeproj */;
			proxyType = 2;
			remoteGlobalIDString = 2D2A28881D9B049200D4039D;
			remoteInfo = "RCTWebSocket-tvOS";
		};
		3DAD3EA21DF850E9000B6D8A /* PBXContainerItemProxy */ = {
			isa = PBXContainerItemProxy;
			containerPortal = 146833FF1AC3E56700842450 /* React.xcodeproj */;
			proxyType = 2;
			remoteGlobalIDString = 2D2A28131D9B038B00D4039D;
			remoteInfo = "React-tvOS";
		};
		3DAD3EA41DF850E9000B6D8A /* PBXContainerItemProxy */ = {
			isa = PBXContainerItemProxy;
			containerPortal = 146833FF1AC3E56700842450 /* React.xcodeproj */;
			proxyType = 2;
			remoteGlobalIDString = 3D3C059A1DE3340900C268FA;
			remoteInfo = yoga;
		};
		3DAD3EA61DF850E9000B6D8A /* PBXContainerItemProxy */ = {
			isa = PBXContainerItemProxy;
			containerPortal = 146833FF1AC3E56700842450 /* React.xcodeproj */;
			proxyType = 2;
			remoteGlobalIDString = 3D3C06751DE3340C00C268FA;
			remoteInfo = "yoga-tvOS";
		};
		3DAD3EA81DF850E9000B6D8A /* PBXContainerItemProxy */ = {
			isa = PBXContainerItemProxy;
			containerPortal = 146833FF1AC3E56700842450 /* React.xcodeproj */;
			proxyType = 2;
			remoteGlobalIDString = 3D3CD9251DE5FBEC00167DC4;
			remoteInfo = cxxreact;
		};
		3DAD3EAA1DF850E9000B6D8A /* PBXContainerItemProxy */ = {
			isa = PBXContainerItemProxy;
			containerPortal = 146833FF1AC3E56700842450 /* React.xcodeproj */;
			proxyType = 2;
			remoteGlobalIDString = 3D3CD9321DE5FBEE00167DC4;
			remoteInfo = "cxxreact-tvOS";
		};
		3DAD3EAC1DF850E9000B6D8A /* PBXContainerItemProxy */ = {
			isa = PBXContainerItemProxy;
			containerPortal = 146833FF1AC3E56700842450 /* React.xcodeproj */;
			proxyType = 2;
			remoteGlobalIDString = 3D3CD90B1DE5FBD600167DC4;
			remoteInfo = jschelpers;
		};
		3DAD3EAE1DF850E9000B6D8A /* PBXContainerItemProxy */ = {
			isa = PBXContainerItemProxy;
			containerPortal = 146833FF1AC3E56700842450 /* React.xcodeproj */;
			proxyType = 2;
			remoteGlobalIDString = 3D3CD9181DE5FBD800167DC4;
			remoteInfo = "jschelpers-tvOS";
		};
		5E9157321DD0AC6500FF2AA8 /* PBXContainerItemProxy */ = {
			isa = PBXContainerItemProxy;
			containerPortal = 5E91572D1DD0AC6500FF2AA8 /* RCTAnimation.xcodeproj */;
			proxyType = 2;
			remoteGlobalIDString = 134814201AA4EA6300B7C361;
			remoteInfo = RCTAnimation;
		};
		5E9157341DD0AC6500FF2AA8 /* PBXContainerItemProxy */ = {
			isa = PBXContainerItemProxy;
			containerPortal = 5E91572D1DD0AC6500FF2AA8 /* RCTAnimation.xcodeproj */;
			proxyType = 2;
			remoteGlobalIDString = 2D2A28201D9B03D100D4039D;
			remoteInfo = "RCTAnimation-tvOS";
		};
		78C398B81ACF4ADC00677621 /* PBXContainerItemProxy */ = {
			isa = PBXContainerItemProxy;
			containerPortal = 78C398B01ACF4ADC00677621 /* RCTLinking.xcodeproj */;
			proxyType = 2;
			remoteGlobalIDString = 134814201AA4EA6300B7C361;
			remoteInfo = RCTLinking;
		};
		832341B41AAA6A8300B99B32 /* PBXContainerItemProxy */ = {
			isa = PBXContainerItemProxy;
			containerPortal = 832341B01AAA6A8300B99B32 /* RCTText.xcodeproj */;
			proxyType = 2;
			remoteGlobalIDString = 58B5119B1A9E6C1200147676;
			remoteInfo = RCTText;
		};
		93083229222ED48600088513 /* PBXContainerItemProxy */ = {
			isa = PBXContainerItemProxy;
			containerPortal = 27B36D9247404728A35F8C9C /* RNGestureHandler.xcodeproj */;
			proxyType = 2;
			remoteGlobalIDString = 134814201AA4EA6300B7C361;
			remoteInfo = RNGestureHandler;
		};
		9308322B222ED48600088513 /* PBXContainerItemProxy */ = {
			isa = PBXContainerItemProxy;
			containerPortal = 27B36D9247404728A35F8C9C /* RNGestureHandler.xcodeproj */;
			proxyType = 2;
			remoteGlobalIDString = B5C32A36220C603B000FFB8D;
			remoteInfo = "RNGestureHandler-tvOS";
		};
		9354D6771EF9A7020005D447 /* PBXContainerItemProxy */ = {
			isa = PBXContainerItemProxy;
			containerPortal = A2A8637161AA417BAFAD228A /* RNVectorIcons.xcodeproj */;
			proxyType = 2;
			remoteGlobalIDString = 5DBEB1501B18CEA900B34395;
			remoteInfo = RNVectorIcons;
		};
		93936CD71F6AF77D0018CE00 /* PBXContainerItemProxy */ = {
			isa = PBXContainerItemProxy;
			containerPortal = 890FBE44356444B789EC85C1 /* RNFetchBlob.xcodeproj */;
			proxyType = 2;
			remoteGlobalIDString = A15C300E1CD25C330074CB35;
			remoteInfo = RNFetchBlob;
		};
		93B8E0F821FBCC26005621CC /* PBXContainerItemProxy */ = {
			isa = PBXContainerItemProxy;
			containerPortal = 93B8E0F421FBCC26005621CC /* reactnativeomnitureapi.xcodeproj */;
			proxyType = 2;
			remoteGlobalIDString = 2DDB46A51DCA7ED500396D0B;
			remoteInfo = reactnativeomnitureapi;
		};
		93BF5F491EF86A0D00F2E566 /* PBXContainerItemProxy */ = {
			isa = PBXContainerItemProxy;
			containerPortal = 146833FF1AC3E56700842450 /* React.xcodeproj */;
			proxyType = 2;
			remoteGlobalIDString = 139D7ECE1E25DB7D00323FB7;
			remoteInfo = "third-party";
		};
		93BF5F4B1EF86A0D00F2E566 /* PBXContainerItemProxy */ = {
			isa = PBXContainerItemProxy;
			containerPortal = 146833FF1AC3E56700842450 /* React.xcodeproj */;
			proxyType = 2;
			remoteGlobalIDString = 139D7E881E25C6D100323FB7;
			remoteInfo = "double-conversion";
		};
		93C92F371F310576002CFC73 /* PBXContainerItemProxy */ = {
			isa = PBXContainerItemProxy;
			containerPortal = 146833FF1AC3E56700842450 /* React.xcodeproj */;
			proxyType = 2;
			remoteGlobalIDString = 3D383D3C1EBD27B6005632C8;
			remoteInfo = "third-party-tvOS";
		};
		93C92F391F310576002CFC73 /* PBXContainerItemProxy */ = {
			isa = PBXContainerItemProxy;
			containerPortal = 146833FF1AC3E56700842450 /* React.xcodeproj */;
			proxyType = 2;
			remoteGlobalIDString = 3D383D621EBD27B9005632C8;
			remoteInfo = "double-conversion-tvOS";
		};
		93F1F7211F031B17008066D8 /* PBXContainerItemProxy */ = {
			isa = PBXContainerItemProxy;
			containerPortal = 738F94AB6632400DB624B352 /* RCTContacts.xcodeproj */;
			proxyType = 2;
			remoteGlobalIDString = 1441618E1BD0A79300FA4F59;
			remoteInfo = RCTContacts;
		};
		AE0709B81F7ACE70009762CA /* PBXContainerItemProxy */ = {
			isa = PBXContainerItemProxy;
			containerPortal = DDA6CFD505BD41BA8DB32059 /* RCTOrientation.xcodeproj */;
			proxyType = 2;
			remoteGlobalIDString = 134814201AA4EA6300B7C361;
			remoteInfo = RCTOrientation;
		};
		AE3A84BB20F8E6A9007A6ED3 /* PBXContainerItemProxy */ = {
			isa = PBXContainerItemProxy;
			containerPortal = C9382E19C17347C7873F5E65 /* RNFirebase.xcodeproj */;
			proxyType = 2;
			remoteGlobalIDString = 134814201AA4EA6300B7C361;
			remoteInfo = RNFirebase;
		};
		AE3D51932098AA680000051A /* PBXContainerItemProxy */ = {
			isa = PBXContainerItemProxy;
			containerPortal = D6B2CBF431D44BFFA2B7CEDB /* ReactNativePermissions.xcodeproj */;
			proxyType = 2;
			remoteGlobalIDString = 9D23B34F1C767B80008B4819;
			remoteInfo = ReactNativePermissions;
		};
		AE44C76F20FCEDDF00B774CD /* PBXContainerItemProxy */ = {
			isa = PBXContainerItemProxy;
			containerPortal = 0900058C034240ED844AB29A /* RNSVG.xcodeproj */;
			proxyType = 2;
			remoteGlobalIDString = 0CF68AC11AF0540F00FF9E5C;
			remoteInfo = RNSVG;
		};
		AE44C77120FCEDDF00B774CD /* PBXContainerItemProxy */ = {
			isa = PBXContainerItemProxy;
			containerPortal = 0900058C034240ED844AB29A /* RNSVG.xcodeproj */;
			proxyType = 2;
			remoteGlobalIDString = 94DDAC5C1F3D024300EED511;
			remoteInfo = "RNSVG-tvOS";
		};
		AE498F491F5459B60002463F /* PBXContainerItemProxy */ = {
			isa = PBXContainerItemProxy;
			containerPortal = B1CF0855F5DB4084B57242A2 /* RNDeviceInfo.xcodeproj */;
			proxyType = 2;
			remoteGlobalIDString = DA5891D81BA9A9FC002B4DB2;
			remoteInfo = RNDeviceInfo;
		};
		AE5BE03D1F609C760091810F /* PBXContainerItemProxy */ = {
			isa = PBXContainerItemProxy;
			containerPortal = AE5BE0391F609C760091810F /* RCTFBSDK.xcodeproj */;
			proxyType = 2;
			remoteGlobalIDString = 9350E0F11CE3B0920041D815;
			remoteInfo = RCTFBSDK;
		};
		AE5BE1051F631ECA0091810F /* PBXContainerItemProxy */ = {
			isa = PBXContainerItemProxy;
			containerPortal = 161F95BE705C42CC822457B2 /* SMXCrashlytics.xcodeproj */;
			proxyType = 2;
			remoteGlobalIDString = 6463C84C1EBA12A60095B8CD;
			remoteInfo = "SMXCrashlytics-tvOS";
		};
		AE74ABEF2080F49400E0AEFE /* PBXContainerItemProxy */ = {
			isa = PBXContainerItemProxy;
			containerPortal = 139FDEE61B06529A00C62182 /* RCTWebSocket.xcodeproj */;
			proxyType = 2;
			remoteGlobalIDString = 3DBE0D001F3B181A0099AA32;
			remoteInfo = fishhook;
		};
		AE74ABF12080F49400E0AEFE /* PBXContainerItemProxy */ = {
			isa = PBXContainerItemProxy;
			containerPortal = 139FDEE61B06529A00C62182 /* RCTWebSocket.xcodeproj */;
			proxyType = 2;
			remoteGlobalIDString = 3DBE0D0D1F3B181C0099AA32;
			remoteInfo = "fishhook-tvOS";
		};
		AE74AC032080F49400E0AEFE /* PBXContainerItemProxy */ = {
			isa = PBXContainerItemProxy;
			containerPortal = 146833FF1AC3E56700842450 /* React.xcodeproj */;
			proxyType = 2;
			remoteGlobalIDString = EBF21BDC1FC498900052F4D5;
			remoteInfo = jsinspector;
		};
		AE74AC052080F49400E0AEFE /* PBXContainerItemProxy */ = {
			isa = PBXContainerItemProxy;
			containerPortal = 146833FF1AC3E56700842450 /* React.xcodeproj */;
			proxyType = 2;
			remoteGlobalIDString = EBF21BFA1FC4989A0052F4D5;
			remoteInfo = "jsinspector-tvOS";
		};
		AE74AC072080F49400E0AEFE /* PBXContainerItemProxy */ = {
			isa = PBXContainerItemProxy;
			containerPortal = 146833FF1AC3E56700842450 /* React.xcodeproj */;
			proxyType = 2;
			remoteGlobalIDString = 9936F3131F5F2E4B0010BF04;
			remoteInfo = privatedata;
		};
		AE74AC092080F49400E0AEFE /* PBXContainerItemProxy */ = {
			isa = PBXContainerItemProxy;
			containerPortal = 146833FF1AC3E56700842450 /* React.xcodeproj */;
			proxyType = 2;
			remoteGlobalIDString = 9936F32F1F5F2E5B0010BF04;
			remoteInfo = "privatedata-tvOS";
		};
		AE74AC0D2080F49400E0AEFE /* PBXContainerItemProxy */ = {
			isa = PBXContainerItemProxy;
			containerPortal = B1CF0855F5DB4084B57242A2 /* RNDeviceInfo.xcodeproj */;
			proxyType = 2;
			remoteGlobalIDString = E72EC1401F7ABB5A0001BC90;
			remoteInfo = "RNDeviceInfo-tvOS";
		};
		AE9113F91F45FC1700D6E009 /* PBXContainerItemProxy */ = {
			isa = PBXContainerItemProxy;
			containerPortal = D6C2CF26BC5E41AC95BD3F11 /* RNSpinkit.xcodeproj */;
			proxyType = 2;
			remoteGlobalIDString = D42CB3511B2538DE00FD0AE2;
			remoteInfo = RNSpinkit;
		};
		AE9113FB1F45FC1700D6E009 /* PBXContainerItemProxy */ = {
			isa = PBXContainerItemProxy;
			containerPortal = D6C2CF26BC5E41AC95BD3F11 /* RNSpinkit.xcodeproj */;
			proxyType = 2;
			remoteGlobalIDString = 641194871EC9FD4A00D4FC03;
			remoteInfo = "RNSpinkit-tvOS";
		};
		AEC9F4281F02F08D0038E58D /* PBXContainerItemProxy */ = {
			isa = PBXContainerItemProxy;
			containerPortal = 462D2DDFAF104DDF913181C2 /* RNImagePicker.xcodeproj */;
			proxyType = 2;
			remoteGlobalIDString = 014A3B5C1C6CF33500B6D375;
			remoteInfo = RNImagePicker;
		};
		AED242D01FD2F9CB007B9735 /* PBXContainerItemProxy */ = {
			isa = PBXContainerItemProxy;
			containerPortal = AED242CB1FD2F9CB007B9735 /* RCTPushNotification.xcodeproj */;
			proxyType = 2;
			remoteGlobalIDString = 134814201AA4EA6300B7C361;
			remoteInfo = RCTPushNotification;
		};
		AED242D21FD2F9CB007B9735 /* PBXContainerItemProxy */ = {
			isa = PBXContainerItemProxy;
			containerPortal = AED242CB1FD2F9CB007B9735 /* RCTPushNotification.xcodeproj */;
			proxyType = 2;
			remoteGlobalIDString = 3D05745F1DE6004600184BB4;
			remoteInfo = "RCTPushNotification-tvOS";
		};
		AEDD2F011F68333F008542FF /* PBXContainerItemProxy */ = {
			isa = PBXContainerItemProxy;
			containerPortal = 161F95BE705C42CC822457B2 /* SMXCrashlytics.xcodeproj */;
			proxyType = 2;
			remoteGlobalIDString = D8D9DB831C6D03DB009FBC0E;
			remoteInfo = SMXCrashlytics;
		};
		AEEF0C181F7EB769004A03DD /* PBXContainerItemProxy */ = {
			isa = PBXContainerItemProxy;
			containerPortal = 87D0A34378C946CE8F44CF56 /* SendSMS.xcodeproj */;
			proxyType = 2;
			remoteGlobalIDString = 95688E1A1D38251600F72D63;
			remoteInfo = SendSMS;
		};
/* End PBXContainerItemProxy section */

/* Begin PBXFileReference section */
		008F07F21AC5B25A0029DE68 /* main.jsbundle */ = {isa = PBXFileReference; fileEncoding = 4; lastKnownFileType = text; path = main.jsbundle; sourceTree = "<group>"; };
		00C302A71ABCB8CE00DB3ED1 /* RCTActionSheet.xcodeproj */ = {isa = PBXFileReference; lastKnownFileType = "wrapper.pb-project"; name = RCTActionSheet.xcodeproj; path = "../node_modules/react-native/Libraries/ActionSheetIOS/RCTActionSheet.xcodeproj"; sourceTree = "<group>"; };
		00C302B51ABCB90400DB3ED1 /* RCTGeolocation.xcodeproj */ = {isa = PBXFileReference; lastKnownFileType = "wrapper.pb-project"; name = RCTGeolocation.xcodeproj; path = "../node_modules/react-native/Libraries/Geolocation/RCTGeolocation.xcodeproj"; sourceTree = "<group>"; };
		00C302BB1ABCB91800DB3ED1 /* RCTImage.xcodeproj */ = {isa = PBXFileReference; lastKnownFileType = "wrapper.pb-project"; name = RCTImage.xcodeproj; path = "../node_modules/react-native/Libraries/Image/RCTImage.xcodeproj"; sourceTree = "<group>"; };
		00C302D31ABCB9D200DB3ED1 /* RCTNetwork.xcodeproj */ = {isa = PBXFileReference; lastKnownFileType = "wrapper.pb-project"; name = RCTNetwork.xcodeproj; path = "../node_modules/react-native/Libraries/Network/RCTNetwork.xcodeproj"; sourceTree = "<group>"; };
		00C302DF1ABCB9EE00DB3ED1 /* RCTVibration.xcodeproj */ = {isa = PBXFileReference; lastKnownFileType = "wrapper.pb-project"; name = RCTVibration.xcodeproj; path = "../node_modules/react-native/Libraries/Vibration/RCTVibration.xcodeproj"; sourceTree = "<group>"; };
		0340FCDF836A4073BFEE4B1F /* libRNSound.a */ = {isa = PBXFileReference; explicitFileType = undefined; fileEncoding = 9; includeInIndex = 0; lastKnownFileType = archive.ar; path = libRNSound.a; sourceTree = "<group>"; };
		0900058C034240ED844AB29A /* RNSVG.xcodeproj */ = {isa = PBXFileReference; explicitFileType = undefined; fileEncoding = 9; includeInIndex = 0; lastKnownFileType = "wrapper.pb-project"; name = RNSVG.xcodeproj; path = "../node_modules/react-native-svg/ios/RNSVG.xcodeproj"; sourceTree = "<group>"; };
		09EDD208638F4E6EACA5C593 /* libRNSVG.a */ = {isa = PBXFileReference; explicitFileType = undefined; fileEncoding = 9; includeInIndex = 0; lastKnownFileType = archive.ar; path = libRNSVG.a; sourceTree = "<group>"; };
		139105B61AF99BAD00B5F7CC /* RCTSettings.xcodeproj */ = {isa = PBXFileReference; lastKnownFileType = "wrapper.pb-project"; name = RCTSettings.xcodeproj; path = "../node_modules/react-native/Libraries/Settings/RCTSettings.xcodeproj"; sourceTree = "<group>"; };
		139FDEE61B06529A00C62182 /* RCTWebSocket.xcodeproj */ = {isa = PBXFileReference; lastKnownFileType = "wrapper.pb-project"; name = RCTWebSocket.xcodeproj; path = "../node_modules/react-native/Libraries/WebSocket/RCTWebSocket.xcodeproj"; sourceTree = "<group>"; };
		13B07F961A680F5B00A75B9A /* Voke.app */ = {isa = PBXFileReference; explicitFileType = wrapper.application; includeInIndex = 0; path = Voke.app; sourceTree = BUILT_PRODUCTS_DIR; };
		146833FF1AC3E56700842450 /* React.xcodeproj */ = {isa = PBXFileReference; lastKnownFileType = "wrapper.pb-project"; name = React.xcodeproj; path = "../node_modules/react-native/React/React.xcodeproj"; sourceTree = "<group>"; };
		161F95BE705C42CC822457B2 /* SMXCrashlytics.xcodeproj */ = {isa = PBXFileReference; explicitFileType = undefined; fileEncoding = 9; includeInIndex = 0; lastKnownFileType = "wrapper.pb-project"; name = SMXCrashlytics.xcodeproj; path = "../node_modules/react-native-fabric/ios/SMXCrashlytics.xcodeproj"; sourceTree = "<group>"; };
		1BBABD5BB8B244F1AAE1E286 /* libReactNativePermissions.a */ = {isa = PBXFileReference; explicitFileType = undefined; fileEncoding = 9; includeInIndex = 0; lastKnownFileType = archive.ar; path = libReactNativePermissions.a; sourceTree = "<group>"; };
		1BBE48D9CC9B4230B97BD4A6 /* FontAwesome.ttf */ = {isa = PBXFileReference; explicitFileType = undefined; fileEncoding = 9; includeInIndex = 0; lastKnownFileType = unknown; name = FontAwesome.ttf; path = "../node_modules/react-native-vector-icons/Fonts/FontAwesome.ttf"; sourceTree = "<group>"; };
		27B36D9247404728A35F8C9C /* RNGestureHandler.xcodeproj */ = {isa = PBXFileReference; explicitFileType = undefined; fileEncoding = 9; includeInIndex = 0; lastKnownFileType = "wrapper.pb-project"; name = RNGestureHandler.xcodeproj; path = "../node_modules/react-native-gesture-handler/ios/RNGestureHandler.xcodeproj"; sourceTree = "<group>"; };
		3BD42B3DEC234C4297C02FE7 /* libRCTGoogleAnalyticsBridge.a */ = {isa = PBXFileReference; explicitFileType = undefined; fileEncoding = 9; includeInIndex = 0; lastKnownFileType = archive.ar; path = libRCTGoogleAnalyticsBridge.a; sourceTree = "<group>"; };
		462D2DDFAF104DDF913181C2 /* RNImagePicker.xcodeproj */ = {isa = PBXFileReference; explicitFileType = undefined; fileEncoding = 9; includeInIndex = 0; lastKnownFileType = "wrapper.pb-project"; name = RNImagePicker.xcodeproj; path = "../node_modules/react-native-image-picker/ios/RNImagePicker.xcodeproj"; sourceTree = "<group>"; };
		505E47108A06402A8F975A58 /* libRNSpinkit.a */ = {isa = PBXFileReference; explicitFileType = undefined; fileEncoding = 9; includeInIndex = 0; lastKnownFileType = archive.ar; path = libRNSpinkit.a; sourceTree = "<group>"; };
		5247C941CDFC4DBFA504C47E /* libRNFirebase.a */ = {isa = PBXFileReference; explicitFileType = undefined; fileEncoding = 9; includeInIndex = 0; lastKnownFileType = archive.ar; path = libRNFirebase.a; sourceTree = "<group>"; };
		545A5D77F21E487AB64765F1 /* MaterialIcons.ttf */ = {isa = PBXFileReference; explicitFileType = undefined; fileEncoding = 9; includeInIndex = 0; lastKnownFileType = unknown; name = MaterialIcons.ttf; path = "../node_modules/react-native-vector-icons/Fonts/MaterialIcons.ttf"; sourceTree = "<group>"; };
		5E91572D1DD0AC6500FF2AA8 /* RCTAnimation.xcodeproj */ = {isa = PBXFileReference; lastKnownFileType = "wrapper.pb-project"; name = RCTAnimation.xcodeproj; path = "../node_modules/react-native/Libraries/NativeAnimation/RCTAnimation.xcodeproj"; sourceTree = "<group>"; };
		738F94AB6632400DB624B352 /* RCTContacts.xcodeproj */ = {isa = PBXFileReference; explicitFileType = undefined; fileEncoding = 9; includeInIndex = 0; lastKnownFileType = "wrapper.pb-project"; name = RCTContacts.xcodeproj; path = "../node_modules/react-native-contacts/ios/RCTContacts.xcodeproj"; sourceTree = "<group>"; };
		78C398B01ACF4ADC00677621 /* RCTLinking.xcodeproj */ = {isa = PBXFileReference; lastKnownFileType = "wrapper.pb-project"; name = RCTLinking.xcodeproj; path = "../node_modules/react-native/Libraries/LinkingIOS/RCTLinking.xcodeproj"; sourceTree = "<group>"; };
		832341B01AAA6A8300B99B32 /* RCTText.xcodeproj */ = {isa = PBXFileReference; lastKnownFileType = "wrapper.pb-project"; name = RCTText.xcodeproj; path = "../node_modules/react-native/Libraries/Text/RCTText.xcodeproj"; sourceTree = "<group>"; };
		87D0A34378C946CE8F44CF56 /* SendSMS.xcodeproj */ = {isa = PBXFileReference; explicitFileType = undefined; fileEncoding = 9; includeInIndex = 0; lastKnownFileType = "wrapper.pb-project"; name = SendSMS.xcodeproj; path = "../node_modules/react-native-sms/SendSMS.xcodeproj"; sourceTree = "<group>"; };
		890FBE44356444B789EC85C1 /* RNFetchBlob.xcodeproj */ = {isa = PBXFileReference; explicitFileType = undefined; fileEncoding = 9; includeInIndex = 0; lastKnownFileType = "wrapper.pb-project"; name = RNFetchBlob.xcodeproj; path = "../node_modules/react-native-fetch-blob/ios/RNFetchBlob.xcodeproj"; sourceTree = "<group>"; };
		9324CD4E21FBB9090005E7A3 /* libsqlite3.0.tbd */ = {isa = PBXFileReference; lastKnownFileType = "sourcecode.text-based-dylib-definition"; name = libsqlite3.0.tbd; path = usr/lib/libsqlite3.0.tbd; sourceTree = SDKROOT; };
		9324CD7521FBBB9B0005E7A3 /* AdobeMobileLibrary.a */ = {isa = PBXFileReference; lastKnownFileType = archive.ar; path = AdobeMobileLibrary.a; sourceTree = "<group>"; };
		9324CD7621FBBB9B0005E7A3 /* ADBMobile.h */ = {isa = PBXFileReference; fileEncoding = 4; lastKnownFileType = sourcecode.c.h; path = ADBMobile.h; sourceTree = "<group>"; };
		9324CD7821FBBB9C0005E7A3 /* ADBMobileConfig.json */ = {isa = PBXFileReference; fileEncoding = 4; lastKnownFileType = text.json; path = ADBMobileConfig.json; sourceTree = "<group>"; };
		932AA1B61F602AFB008937B1 /* AppDelegate.h */ = {isa = PBXFileReference; fileEncoding = 4; lastKnownFileType = sourcecode.c.h; name = AppDelegate.h; path = Voke/AppDelegate.h; sourceTree = "<group>"; };
		932AA1B71F602AFB008937B1 /* AppDelegate.m */ = {isa = PBXFileReference; fileEncoding = 4; lastKnownFileType = sourcecode.c.objc; name = AppDelegate.m; path = Voke/AppDelegate.m; sourceTree = "<group>"; };
		932AA1B81F602AFB008937B1 /* Images.xcassets */ = {isa = PBXFileReference; lastKnownFileType = folder.assetcatalog; name = Images.xcassets; path = Voke/Images.xcassets; sourceTree = "<group>"; };
		932AA1B91F602AFB008937B1 /* Info.plist */ = {isa = PBXFileReference; fileEncoding = 4; lastKnownFileType = text.plist.xml; name = Info.plist; path = Voke/Info.plist; sourceTree = "<group>"; };
		932AA1BA1F602AFB008937B1 /* main.m */ = {isa = PBXFileReference; fileEncoding = 4; lastKnownFileType = sourcecode.c.objc; name = main.m; path = Voke/main.m; sourceTree = "<group>"; };
		932AA1BB1F602AFB008937B1 /* Voke.entitlements */ = {isa = PBXFileReference; fileEncoding = 4; lastKnownFileType = text.plist.entitlements; name = Voke.entitlements; path = Voke/Voke.entitlements; sourceTree = "<group>"; };
		93981C6320F8FA9500298F4A /* GoogleToolboxForMac.framework */ = {isa = PBXFileReference; lastKnownFileType = wrapper.framework; name = GoogleToolboxForMac.framework; path = Firebase/GoogleToolboxForMac.framework; sourceTree = "<group>"; };
		93981C6420F8FA9600298F4A /* nanopb.framework */ = {isa = PBXFileReference; lastKnownFileType = wrapper.framework; name = nanopb.framework; path = Firebase/nanopb.framework; sourceTree = "<group>"; };
		93981C6520F8FA9600298F4A /* FirebaseNanoPB.framework */ = {isa = PBXFileReference; lastKnownFileType = wrapper.framework; name = FirebaseNanoPB.framework; path = Firebase/FirebaseNanoPB.framework; sourceTree = "<group>"; };
		93981C6620F8FA9600298F4A /* FirebaseInstanceID.framework */ = {isa = PBXFileReference; lastKnownFileType = wrapper.framework; name = FirebaseInstanceID.framework; path = Firebase/FirebaseInstanceID.framework; sourceTree = "<group>"; };
		93981C6720F8FA9700298F4A /* FirebaseAnalytics.framework */ = {isa = PBXFileReference; lastKnownFileType = wrapper.framework; name = FirebaseAnalytics.framework; path = Firebase/FirebaseAnalytics.framework; sourceTree = "<group>"; };
		93981C6820F8FA9700298F4A /* FirebaseCore.framework */ = {isa = PBXFileReference; lastKnownFileType = wrapper.framework; name = FirebaseCore.framework; path = Firebase/FirebaseCore.framework; sourceTree = "<group>"; };
		93981C7120F8FABD00298F4A /* Firebase.h */ = {isa = PBXFileReference; fileEncoding = 4; lastKnownFileType = sourcecode.c.h; name = Firebase.h; path = Firebase/Firebase.h; sourceTree = "<group>"; };
		93B8E0F421FBCC26005621CC /* reactnativeomnitureapi.xcodeproj */ = {isa = PBXFileReference; lastKnownFileType = "wrapper.pb-project"; name = reactnativeomnitureapi.xcodeproj; path = "../node_modules/react-native-omniture/ios/reactnativeomnitureapi.xcodeproj"; sourceTree = "<group>"; };
		93EA25DC2108D9E000E25254 /* FirebaseDynamicLinks.framework */ = {isa = PBXFileReference; lastKnownFileType = wrapper.framework; name = FirebaseDynamicLinks.framework; path = Firebase/FirebaseDynamicLinks.framework; sourceTree = "<group>"; };
		980A2CF4F7604EE981C018E7 /* libSendSMS.a */ = {isa = PBXFileReference; explicitFileType = undefined; fileEncoding = 9; includeInIndex = 0; lastKnownFileType = archive.ar; path = libSendSMS.a; sourceTree = "<group>"; };
		9B696DE9E1104AD29BBBCA1A /* libRCTOrientation.a */ = {isa = PBXFileReference; explicitFileType = undefined; fileEncoding = 9; includeInIndex = 0; lastKnownFileType = archive.ar; path = libRCTOrientation.a; sourceTree = "<group>"; };
		A2A8637161AA417BAFAD228A /* RNVectorIcons.xcodeproj */ = {isa = PBXFileReference; explicitFileType = undefined; fileEncoding = 9; includeInIndex = 0; lastKnownFileType = "wrapper.pb-project"; name = RNVectorIcons.xcodeproj; path = "../node_modules/react-native-vector-icons/RNVectorIcons.xcodeproj"; sourceTree = "<group>"; };
		A97C5E8C203E4C0CA8397C5C /* libRNGestureHandler.a */ = {isa = PBXFileReference; explicitFileType = undefined; fileEncoding = 9; includeInIndex = 0; lastKnownFileType = archive.ar; path = libRNGestureHandler.a; sourceTree = "<group>"; };
		AD2B14044EBD4A25962BC1E3 /* libRNFetchBlob.a */ = {isa = PBXFileReference; explicitFileType = undefined; fileEncoding = 9; includeInIndex = 0; lastKnownFileType = archive.ar; path = libRNFetchBlob.a; sourceTree = "<group>"; };
		AE0A75841F4271FE000A51EA /* TitilliumWeb-Regular.ttf */ = {isa = PBXFileReference; lastKnownFileType = file; path = "TitilliumWeb-Regular.ttf"; sourceTree = "<group>"; };
		AE0A75861F42720D000A51EA /* TitilliumWeb-SemiBold.ttf */ = {isa = PBXFileReference; lastKnownFileType = file; path = "TitilliumWeb-SemiBold.ttf"; sourceTree = "<group>"; };
		AE0A75881F427225000A51EA /* TitilliumWeb-Bold.ttf */ = {isa = PBXFileReference; lastKnownFileType = file; path = "TitilliumWeb-Bold.ttf"; sourceTree = "<group>"; };
		AE57875C20B5D85A0004A3EA /* Bolts.framework */ = {isa = PBXFileReference; lastKnownFileType = wrapper.framework; path = Bolts.framework; sourceTree = "<group>"; };
		AE57875E20B5D86B0004A3EA /* FBSDKCoreKit.framework */ = {isa = PBXFileReference; lastKnownFileType = wrapper.framework; path = FBSDKCoreKit.framework; sourceTree = "<group>"; };
		AE57876020B5D8790004A3EA /* FBSDKLoginKit.framework */ = {isa = PBXFileReference; lastKnownFileType = wrapper.framework; path = FBSDKLoginKit.framework; sourceTree = "<group>"; };
		AE57876220B5D88B0004A3EA /* FBSDKShareKit.framework */ = {isa = PBXFileReference; lastKnownFileType = wrapper.framework; path = FBSDKShareKit.framework; sourceTree = "<group>"; };
		AE5BE02F1F607ACC0091810F /* LaunchScreen.xib */ = {isa = PBXFileReference; fileEncoding = 4; lastKnownFileType = file.xib; path = LaunchScreen.xib; sourceTree = "<group>"; };
		AE5BE0391F609C760091810F /* RCTFBSDK.xcodeproj */ = {isa = PBXFileReference; lastKnownFileType = "wrapper.pb-project"; name = RCTFBSDK.xcodeproj; path = "../node_modules/react-native-fbsdk/ios/RCTFBSDK.xcodeproj"; sourceTree = "<group>"; };
		AE5BE0C31F631E2F0091810F /* Fabric.framework */ = {isa = PBXFileReference; lastKnownFileType = wrapper.framework; path = Fabric.framework; sourceTree = "<group>"; };
		AE5BE0C41F631E2F0091810F /* Crashlytics.framework */ = {isa = PBXFileReference; lastKnownFileType = wrapper.framework; path = Crashlytics.framework; sourceTree = "<group>"; };
		AE65026E21514AF30031B7D1 /* GoogleService-Info.plist */ = {isa = PBXFileReference; fileEncoding = 4; lastKnownFileType = text.plist.xml; name = "GoogleService-Info.plist"; path = "Voke/GoogleService-Info.plist"; sourceTree = "<group>"; };
		AE832BBD1F900CAA00ABEE80 /* ukulele-sound.wav */ = {isa = PBXFileReference; lastKnownFileType = audio.wav; path = "ukulele-sound.wav"; sourceTree = "<group>"; };
		AED242CB1FD2F9CB007B9735 /* RCTPushNotification.xcodeproj */ = {isa = PBXFileReference; lastKnownFileType = "wrapper.pb-project"; name = RCTPushNotification.xcodeproj; path = "../node_modules/react-native/Libraries/PushNotificationIOS/RCTPushNotification.xcodeproj"; sourceTree = "<group>"; };
		AED975A1222F076400A0A953 /* icomoon.ttf */ = {isa = PBXFileReference; lastKnownFileType = file; path = icomoon.ttf; sourceTree = "<group>"; };
		B1CF0855F5DB4084B57242A2 /* RNDeviceInfo.xcodeproj */ = {isa = PBXFileReference; explicitFileType = undefined; fileEncoding = 9; includeInIndex = 0; lastKnownFileType = "wrapper.pb-project"; name = RNDeviceInfo.xcodeproj; path = "../node_modules/react-native-device-info/RNDeviceInfo.xcodeproj"; sourceTree = "<group>"; };
		B28BBB1231AA4B02BE808F38 /* MaterialCommunityIcons.ttf */ = {isa = PBXFileReference; explicitFileType = undefined; fileEncoding = 9; includeInIndex = 0; lastKnownFileType = unknown; name = MaterialCommunityIcons.ttf; path = "../node_modules/react-native-vector-icons/Fonts/MaterialCommunityIcons.ttf"; sourceTree = "<group>"; };
		B81E6293ED38402A935FA0AA /* libSMXCrashlytics.a */ = {isa = PBXFileReference; explicitFileType = undefined; fileEncoding = 9; includeInIndex = 0; lastKnownFileType = archive.ar; path = libSMXCrashlytics.a; sourceTree = "<group>"; };
		C46F7859051745A78AC80443 /* libRNVectorIcons.a */ = {isa = PBXFileReference; explicitFileType = undefined; fileEncoding = 9; includeInIndex = 0; lastKnownFileType = archive.ar; path = libRNVectorIcons.a; sourceTree = "<group>"; };
		C7B2633AC1B447B8B7203871 /* libRNImagePicker.a */ = {isa = PBXFileReference; explicitFileType = undefined; fileEncoding = 9; includeInIndex = 0; lastKnownFileType = archive.ar; path = libRNImagePicker.a; sourceTree = "<group>"; };
		C9382E19C17347C7873F5E65 /* RNFirebase.xcodeproj */ = {isa = PBXFileReference; explicitFileType = undefined; fileEncoding = 9; includeInIndex = 0; lastKnownFileType = "wrapper.pb-project"; name = RNFirebase.xcodeproj; path = "../node_modules/react-native-firebase/ios/RNFirebase.xcodeproj"; sourceTree = "<group>"; };
		CB14C2CF62514C3B956DBCB9 /* libRCTContacts.a */ = {isa = PBXFileReference; explicitFileType = undefined; fileEncoding = 9; includeInIndex = 0; lastKnownFileType = archive.ar; path = libRCTContacts.a; sourceTree = "<group>"; };
		D6B2CBF431D44BFFA2B7CEDB /* ReactNativePermissions.xcodeproj */ = {isa = PBXFileReference; explicitFileType = undefined; fileEncoding = 9; includeInIndex = 0; lastKnownFileType = "wrapper.pb-project"; name = ReactNativePermissions.xcodeproj; path = "../node_modules/react-native-permissions/ios/ReactNativePermissions.xcodeproj"; sourceTree = "<group>"; };
		D6C2CF26BC5E41AC95BD3F11 /* RNSpinkit.xcodeproj */ = {isa = PBXFileReference; explicitFileType = undefined; fileEncoding = 9; includeInIndex = 0; lastKnownFileType = "wrapper.pb-project"; name = RNSpinkit.xcodeproj; path = "../node_modules/react-native-spinkit/ios/RNSpinkit.xcodeproj"; sourceTree = "<group>"; };
		DDA6CFD505BD41BA8DB32059 /* RCTOrientation.xcodeproj */ = {isa = PBXFileReference; explicitFileType = undefined; fileEncoding = 9; includeInIndex = 0; lastKnownFileType = "wrapper.pb-project"; name = RCTOrientation.xcodeproj; path = "../node_modules/react-native-orientation/iOS/RCTOrientation.xcodeproj"; sourceTree = "<group>"; };
		E2639A6467134ABEAB39E1AA /* libRNDeviceInfo.a */ = {isa = PBXFileReference; explicitFileType = undefined; fileEncoding = 9; includeInIndex = 0; lastKnownFileType = archive.ar; path = libRNDeviceInfo.a; sourceTree = "<group>"; };
/* End PBXFileReference section */

/* Begin PBXFrameworksBuildPhase section */
		13B07F8C1A680F5B00A75B9A /* Frameworks */ = {
			isa = PBXFrameworksBuildPhase;
			buildActionMask = 2147483647;
			files = (
				93B8E0FA21FBCC3A005621CC /* libreactnativeomnitureapi.a in Frameworks */,
				9324CD4F21FBB90A0005E7A3 /* libsqlite3.0.tbd in Frameworks */,
				93981C6B20F8FA9700298F4A /* nanopb.framework in Frameworks */,
				93EA25DD2108D9E000E25254 /* FirebaseDynamicLinks.framework in Frameworks */,
				AE57876120B5D87A0004A3EA /* FBSDKLoginKit.framework in Frameworks */,
				AED242D41FD2F9E8007B9735 /* libRCTPushNotification.a in Frameworks */,
				AE57876320B5D88B0004A3EA /* FBSDKShareKit.framework in Frameworks */,
				AE5BE03F1F609C860091810F /* libRCTFBSDK.a in Frameworks */,
				146834051AC3E58100842450 /* libReact.a in Frameworks */,
				AE5BE0C51F631E2F0091810F /* Fabric.framework in Frameworks */,
				5E9157361DD0AC6A00FF2AA8 /* libRCTAnimation.a in Frameworks */,
				00C302E51ABCBA2D00DB3ED1 /* libRCTActionSheet.a in Frameworks */,
				AE5BE0C61F631E2F0091810F /* Crashlytics.framework in Frameworks */,
				00C302E71ABCBA2D00DB3ED1 /* libRCTGeolocation.a in Frameworks */,
				00C302E81ABCBA2D00DB3ED1 /* libRCTImage.a in Frameworks */,
				133E29F31AD74F7200F7D852 /* libRCTLinking.a in Frameworks */,
				00C302E91ABCBA2D00DB3ED1 /* libRCTNetwork.a in Frameworks */,
				139105C61AF99C1200B5F7CC /* libRCTSettings.a in Frameworks */,
				832341BD1AAA6AB300B99B32 /* libRCTText.a in Frameworks */,
				00C302EA1ABCBA2D00DB3ED1 /* libRCTVibration.a in Frameworks */,
				139FDEF61B0652A700C62182 /* libRCTWebSocket.a in Frameworks */,
				3927A5D9B7514E6B87EF2F6E /* libRNVectorIcons.a in Frameworks */,
				8A4A9F91FD9C47A8B9407344 /* libRNImagePicker.a in Frameworks */,
				AE57875F20B5D86B0004A3EA /* FBSDKCoreKit.framework in Frameworks */,
				93981C6C20F8FA9700298F4A /* FirebaseNanoPB.framework in Frameworks */,
				11AAD279280845E596639622 /* libRCTContacts.a in Frameworks */,
				7F7ED823D55D4CFFBF61C066 /* libRNSpinkit.a in Frameworks */,
				940EDA746F8C400E9F79B6E4 /* libRNDeviceInfo.a in Frameworks */,
				2A844C434B264FCA8AD51887 /* libSMXCrashlytics.a in Frameworks */,
				93981C6A20F8FA9700298F4A /* GoogleToolboxForMac.framework in Frameworks */,
				93981C6D20F8FA9700298F4A /* FirebaseInstanceID.framework in Frameworks */,
				93981C6F20F8FA9700298F4A /* FirebaseCore.framework in Frameworks */,
				93981C6E20F8FA9700298F4A /* FirebaseAnalytics.framework in Frameworks */,
				AE57875D20B5D85A0004A3EA /* Bolts.framework in Frameworks */,
				282A8DA3CDCB4F5F8AD4CAD2 /* libRNFetchBlob.a in Frameworks */,
				E9F73E50F45840238843F002 /* libRCTOrientation.a in Frameworks */,
				9324CD7B21FBBB9C0005E7A3 /* AdobeMobileLibrary.a in Frameworks */,
				C261E0A521EE42BAB748FA9B /* libSendSMS.a in Frameworks */,
				D7ACE48697FC459A97F26D9A /* libReactNativePermissions.a in Frameworks */,
				FD06F992561D4A1CA3FB6AA7 /* libRNFirebase.a in Frameworks */,
				243D4CDC25B5460DA0A0F510 /* libRNSVG.a in Frameworks */,
				5E800670D75D48D0BCA62A1C /* libRNGestureHandler.a in Frameworks */,
			);
			runOnlyForDeploymentPostprocessing = 0;
		};
/* End PBXFrameworksBuildPhase section */

/* Begin PBXGroup section */
		00C302A81ABCB8CE00DB3ED1 /* Products */ = {
			isa = PBXGroup;
			children = (
				00C302AC1ABCB8CE00DB3ED1 /* libRCTActionSheet.a */,
			);
			name = Products;
			sourceTree = "<group>";
		};
		00C302B61ABCB90400DB3ED1 /* Products */ = {
			isa = PBXGroup;
			children = (
				00C302BA1ABCB90400DB3ED1 /* libRCTGeolocation.a */,
			);
			name = Products;
			sourceTree = "<group>";
		};
		00C302BC1ABCB91800DB3ED1 /* Products */ = {
			isa = PBXGroup;
			children = (
				00C302C01ABCB91800DB3ED1 /* libRCTImage.a */,
				3DAD3E841DF850E9000B6D8A /* libRCTImage-tvOS.a */,
			);
			name = Products;
			sourceTree = "<group>";
		};
		00C302D41ABCB9D200DB3ED1 /* Products */ = {
			isa = PBXGroup;
			children = (
				00C302DC1ABCB9D200DB3ED1 /* libRCTNetwork.a */,
				3DAD3E8C1DF850E9000B6D8A /* libRCTNetwork-tvOS.a */,
			);
			name = Products;
			sourceTree = "<group>";
		};
		00C302E01ABCB9EE00DB3ED1 /* Products */ = {
			isa = PBXGroup;
			children = (
				00C302E41ABCB9EE00DB3ED1 /* libRCTVibration.a */,
			);
			name = Products;
			sourceTree = "<group>";
		};
		139105B71AF99BAD00B5F7CC /* Products */ = {
			isa = PBXGroup;
			children = (
				139105C11AF99BAD00B5F7CC /* libRCTSettings.a */,
				3DAD3E901DF850E9000B6D8A /* libRCTSettings-tvOS.a */,
			);
			name = Products;
			sourceTree = "<group>";
		};
		139FDEE71B06529A00C62182 /* Products */ = {
			isa = PBXGroup;
			children = (
				139FDEF41B06529B00C62182 /* libRCTWebSocket.a */,
				3DAD3E991DF850E9000B6D8A /* libRCTWebSocket-tvOS.a */,
				AE74ABF02080F49400E0AEFE /* libfishhook.a */,
				AE74ABF22080F49400E0AEFE /* libfishhook-tvOS.a */,
			);
			name = Products;
			sourceTree = "<group>";
		};
		13B07FAE1A68108700A75B9A /* Voke */ = {
			isa = PBXGroup;
			children = (
				9324CD7421FBBB860005E7A3 /* AdobeMobileLibrary */,
				AE65026E21514AF30031B7D1 /* GoogleService-Info.plist */,
				93981C7120F8FABD00298F4A /* Firebase.h */,
				932AA1B61F602AFB008937B1 /* AppDelegate.h */,
				932AA1B71F602AFB008937B1 /* AppDelegate.m */,
				932AA1B81F602AFB008937B1 /* Images.xcassets */,
				AE5BE02F1F607ACC0091810F /* LaunchScreen.xib */,
				932AA1B91F602AFB008937B1 /* Info.plist */,
				932AA1BA1F602AFB008937B1 /* main.m */,
				932AA1BB1F602AFB008937B1 /* Voke.entitlements */,
				008F07F21AC5B25A0029DE68 /* main.jsbundle */,
			);
			name = Voke;
			sourceTree = "<group>";
		};
		146834001AC3E56700842450 /* Products */ = {
			isa = PBXGroup;
			children = (
				146834041AC3E56700842450 /* libReact.a */,
				3DAD3EA31DF850E9000B6D8A /* libReact.a */,
				3DAD3EA51DF850E9000B6D8A /* libyoga.a */,
				3DAD3EA71DF850E9000B6D8A /* libyoga.a */,
				3DAD3EA91DF850E9000B6D8A /* libcxxreact.a */,
				3DAD3EAB1DF850E9000B6D8A /* libcxxreact.a */,
				3DAD3EAD1DF850E9000B6D8A /* libjschelpers.a */,
				3DAD3EAF1DF850E9000B6D8A /* libjschelpers.a */,
				AE74AC042080F49400E0AEFE /* libjsinspector.a */,
				AE74AC062080F49400E0AEFE /* libjsinspector-tvOS.a */,
				93BF5F4A1EF86A0D00F2E566 /* libthird-party.a */,
				93C92F381F310576002CFC73 /* libthird-party.a */,
				93BF5F4C1EF86A0D00F2E566 /* libdouble-conversion.a */,
				93C92F3A1F310576002CFC73 /* libdouble-conversion.a */,
				AE74AC082080F49400E0AEFE /* libprivatedata.a */,
				AE74AC0A2080F49400E0AEFE /* libprivatedata-tvOS.a */,
			);
			name = Products;
			sourceTree = "<group>";
		};
		5E91572E1DD0AC6500FF2AA8 /* Products */ = {
			isa = PBXGroup;
			children = (
				5E9157331DD0AC6500FF2AA8 /* libRCTAnimation.a */,
				5E9157351DD0AC6500FF2AA8 /* libRCTAnimation.a */,
			);
			name = Products;
			sourceTree = "<group>";
		};
		78C398B11ACF4ADC00677621 /* Products */ = {
			isa = PBXGroup;
			children = (
				78C398B91ACF4ADC00677621 /* libRCTLinking.a */,
				3DAD3E881DF850E9000B6D8A /* libRCTLinking-tvOS.a */,
			);
			name = Products;
			sourceTree = "<group>";
		};
		832341AE1AAA6A7D00B99B32 /* Libraries */ = {
			isa = PBXGroup;
			children = (
				93B8E0F421FBCC26005621CC /* reactnativeomnitureapi.xcodeproj */,
				AED242CB1FD2F9CB007B9735 /* RCTPushNotification.xcodeproj */,
				AE5BE0391F609C760091810F /* RCTFBSDK.xcodeproj */,
				5E91572D1DD0AC6500FF2AA8 /* RCTAnimation.xcodeproj */,
				146833FF1AC3E56700842450 /* React.xcodeproj */,
				00C302A71ABCB8CE00DB3ED1 /* RCTActionSheet.xcodeproj */,
				00C302B51ABCB90400DB3ED1 /* RCTGeolocation.xcodeproj */,
				00C302BB1ABCB91800DB3ED1 /* RCTImage.xcodeproj */,
				78C398B01ACF4ADC00677621 /* RCTLinking.xcodeproj */,
				00C302D31ABCB9D200DB3ED1 /* RCTNetwork.xcodeproj */,
				139105B61AF99BAD00B5F7CC /* RCTSettings.xcodeproj */,
				832341B01AAA6A8300B99B32 /* RCTText.xcodeproj */,
				00C302DF1ABCB9EE00DB3ED1 /* RCTVibration.xcodeproj */,
				139FDEE61B06529A00C62182 /* RCTWebSocket.xcodeproj */,
				A2A8637161AA417BAFAD228A /* RNVectorIcons.xcodeproj */,
				462D2DDFAF104DDF913181C2 /* RNImagePicker.xcodeproj */,
				738F94AB6632400DB624B352 /* RCTContacts.xcodeproj */,
				D6C2CF26BC5E41AC95BD3F11 /* RNSpinkit.xcodeproj */,
				B1CF0855F5DB4084B57242A2 /* RNDeviceInfo.xcodeproj */,
				161F95BE705C42CC822457B2 /* SMXCrashlytics.xcodeproj */,
				890FBE44356444B789EC85C1 /* RNFetchBlob.xcodeproj */,
				DDA6CFD505BD41BA8DB32059 /* RCTOrientation.xcodeproj */,
				87D0A34378C946CE8F44CF56 /* SendSMS.xcodeproj */,
				D6B2CBF431D44BFFA2B7CEDB /* ReactNativePermissions.xcodeproj */,
				C9382E19C17347C7873F5E65 /* RNFirebase.xcodeproj */,
				0900058C034240ED844AB29A /* RNSVG.xcodeproj */,
				27B36D9247404728A35F8C9C /* RNGestureHandler.xcodeproj */,
			);
			name = Libraries;
			sourceTree = "<group>";
		};
		832341B11AAA6A8300B99B32 /* Products */ = {
			isa = PBXGroup;
			children = (
				832341B51AAA6A8300B99B32 /* libRCTText.a */,
				3DAD3E941DF850E9000B6D8A /* libRCTText-tvOS.a */,
			);
			name = Products;
			sourceTree = "<group>";
		};
		83CBB9F61A601CBA00E9B192 = {
			isa = PBXGroup;
			children = (
				13B07FAE1A68108700A75B9A /* Voke */,
				832341AE1AAA6A7D00B99B32 /* Libraries */,
				83CBBA001A601CBA00E9B192 /* Products */,
				D53AC2D543B74BA580C754F7 /* Resources */,
				AE7B6DC71F59EA49008BC5B1 /* Frameworks */,
				AE0709451F7985FB009762CA /* Recovered References */,
			);
			indentWidth = 2;
			sourceTree = "<group>";
			tabWidth = 2;
		};
		83CBBA001A601CBA00E9B192 /* Products */ = {
			isa = PBXGroup;
			children = (
				13B07F961A680F5B00A75B9A /* Voke.app */,
			);
			name = Products;
			sourceTree = "<group>";
		};
		93083225222ED48600088513 /* Products */ = {
			isa = PBXGroup;
			children = (
				9308322A222ED48600088513 /* libRNGestureHandler.a */,
				9308322C222ED48600088513 /* libRNGestureHandler-tvOS.a */,
			);
			name = Products;
			sourceTree = "<group>";
		};
		9324CD7421FBBB860005E7A3 /* AdobeMobileLibrary */ = {
			isa = PBXGroup;
			children = (
				9324CD7621FBBB9B0005E7A3 /* ADBMobile.h */,
				9324CD7821FBBB9C0005E7A3 /* ADBMobileConfig.json */,
				9324CD7521FBBB9B0005E7A3 /* AdobeMobileLibrary.a */,
			);
			path = AdobeMobileLibrary;
			sourceTree = "<group>";
		};
		9354D6591EF9A7010005D447 /* Products */ = {
			isa = PBXGroup;
			children = (
				9354D6781EF9A7020005D447 /* libRNVectorIcons.a */,
			);
			name = Products;
			sourceTree = "<group>";
		};
		93936CB01F6AF77C0018CE00 /* Products */ = {
			isa = PBXGroup;
			children = (
				93936CD81F6AF77D0018CE00 /* libRNFetchBlob.a */,
			);
			name = Products;
			sourceTree = "<group>";
		};
		93B8E0F521FBCC26005621CC /* Products */ = {
			isa = PBXGroup;
			children = (
				93B8E0F921FBCC26005621CC /* libreactnativeomnitureapi.a */,
			);
			name = Products;
			sourceTree = "<group>";
		};
		93F1F71B1F031B17008066D8 /* Products */ = {
			isa = PBXGroup;
			children = (
				93F1F7221F031B17008066D8 /* libRCTContacts.a */,
			);
			name = Products;
			sourceTree = "<group>";
		};
		AE0709451F7985FB009762CA /* Recovered References */ = {
			isa = PBXGroup;
			children = (
				C46F7859051745A78AC80443 /* libRNVectorIcons.a */,
				C7B2633AC1B447B8B7203871 /* libRNImagePicker.a */,
				CB14C2CF62514C3B956DBCB9 /* libRCTContacts.a */,
				505E47108A06402A8F975A58 /* libRNSpinkit.a */,
				E2639A6467134ABEAB39E1AA /* libRNDeviceInfo.a */,
				B81E6293ED38402A935FA0AA /* libSMXCrashlytics.a */,
				3BD42B3DEC234C4297C02FE7 /* libRCTGoogleAnalyticsBridge.a */,
				AD2B14044EBD4A25962BC1E3 /* libRNFetchBlob.a */,
				0340FCDF836A4073BFEE4B1F /* libRNSound.a */,
				9B696DE9E1104AD29BBBCA1A /* libRCTOrientation.a */,
				980A2CF4F7604EE981C018E7 /* libSendSMS.a */,
				1BBABD5BB8B244F1AAE1E286 /* libReactNativePermissions.a */,
				5247C941CDFC4DBFA504C47E /* libRNFirebase.a */,
				09EDD208638F4E6EACA5C593 /* libRNSVG.a */,
				A97C5E8C203E4C0CA8397C5C /* libRNGestureHandler.a */,
			);
			name = "Recovered References";
			sourceTree = "<group>";
		};
		AE0709B51F7ACE70009762CA /* Products */ = {
			isa = PBXGroup;
			children = (
				AE0709B91F7ACE70009762CA /* libRCTOrientation.a */,
			);
			name = Products;
			sourceTree = "<group>";
		};
		AE3A84B820F8E6A9007A6ED3 /* Products */ = {
			isa = PBXGroup;
			children = (
				AE3A84BC20F8E6A9007A6ED3 /* libRNFirebase.a */,
			);
			name = Products;
			sourceTree = "<group>";
		};
		AE3D51902098AA680000051A /* Products */ = {
			isa = PBXGroup;
			children = (
				AE3D51942098AA680000051A /* libReactNativePermissions.a */,
			);
			name = Products;
			sourceTree = "<group>";
		};
		AE44C76B20FCEDDF00B774CD /* Products */ = {
			isa = PBXGroup;
			children = (
				AE44C77020FCEDDF00B774CD /* libRNSVG.a */,
				AE44C77220FCEDDF00B774CD /* libRNSVG-tvOS.a */,
			);
			name = Products;
			sourceTree = "<group>";
		};
		AE498F271F5459B60002463F /* Products */ = {
			isa = PBXGroup;
			children = (
				AE498F4A1F5459B60002463F /* libRNDeviceInfo.a */,
				AE74AC0E2080F49400E0AEFE /* libRNDeviceInfo-tvOS.a */,
			);
			name = Products;
			sourceTree = "<group>";
		};
		AE5BE03A1F609C760091810F /* Products */ = {
			isa = PBXGroup;
			children = (
				AE5BE03E1F609C760091810F /* libRCTFBSDK.a */,
			);
			name = Products;
			sourceTree = "<group>";
		};
		AE5BE0D91F631ECA0091810F /* Products */ = {
			isa = PBXGroup;
			children = (
				AEDD2F021F68333F008542FF /* libSMXCrashlytics.a */,
				AE5BE1061F631ECA0091810F /* libSMXCrashlytics.a */,
			);
			name = Products;
			sourceTree = "<group>";
		};
		AE7B6DC71F59EA49008BC5B1 /* Frameworks */ = {
			isa = PBXGroup;
			children = (
				9324CD4E21FBB9090005E7A3 /* libsqlite3.0.tbd */,
				93EA25DC2108D9E000E25254 /* FirebaseDynamicLinks.framework */,
				93981C6720F8FA9700298F4A /* FirebaseAnalytics.framework */,
				93981C6820F8FA9700298F4A /* FirebaseCore.framework */,
				93981C6620F8FA9600298F4A /* FirebaseInstanceID.framework */,
				93981C6520F8FA9600298F4A /* FirebaseNanoPB.framework */,
				93981C6320F8FA9500298F4A /* GoogleToolboxForMac.framework */,
				93981C6420F8FA9600298F4A /* nanopb.framework */,
				AE57876220B5D88B0004A3EA /* FBSDKShareKit.framework */,
				AE57876020B5D8790004A3EA /* FBSDKLoginKit.framework */,
				AE57875E20B5D86B0004A3EA /* FBSDKCoreKit.framework */,
				AE57875C20B5D85A0004A3EA /* Bolts.framework */,
				AE5BE0C41F631E2F0091810F /* Crashlytics.framework */,
				AE5BE0C31F631E2F0091810F /* Fabric.framework */,
			);
			name = Frameworks;
			sourceTree = "<group>";
		};
		AE9113D51F45FC1700D6E009 /* Products */ = {
			isa = PBXGroup;
			children = (
				AE9113FA1F45FC1700D6E009 /* libRNSpinkit.a */,
				AE9113FC1F45FC1700D6E009 /* libRNSpinkit.a */,
			);
			name = Products;
			sourceTree = "<group>";
		};
		AEC9F4091F02F08D0038E58D /* Products */ = {
			isa = PBXGroup;
			children = (
				AEC9F4291F02F08D0038E58D /* libRNImagePicker.a */,
			);
			name = Products;
			sourceTree = "<group>";
		};
		AED242CC1FD2F9CB007B9735 /* Products */ = {
			isa = PBXGroup;
			children = (
				AED242D11FD2F9CB007B9735 /* libRCTPushNotification.a */,
				AED242D31FD2F9CB007B9735 /* libRCTPushNotification-tvOS.a */,
			);
			name = Products;
			sourceTree = "<group>";
		};
		AEEF0C151F7EB768004A03DD /* Products */ = {
			isa = PBXGroup;
			children = (
				AEEF0C191F7EB769004A03DD /* libSendSMS.a */,
			);
			name = Products;
			sourceTree = "<group>";
		};
		D53AC2D543B74BA580C754F7 /* Resources */ = {
			isa = PBXGroup;
			children = (
				AED975A1222F076400A0A953 /* icomoon.ttf */,
				AE832BBD1F900CAA00ABEE80 /* ukulele-sound.wav */,
				AE0A75881F427225000A51EA /* TitilliumWeb-Bold.ttf */,
				AE0A75861F42720D000A51EA /* TitilliumWeb-SemiBold.ttf */,
				AE0A75841F4271FE000A51EA /* TitilliumWeb-Regular.ttf */,
				1BBE48D9CC9B4230B97BD4A6 /* FontAwesome.ttf */,
				B28BBB1231AA4B02BE808F38 /* MaterialCommunityIcons.ttf */,
				545A5D77F21E487AB64765F1 /* MaterialIcons.ttf */,
			);
			name = Resources;
			sourceTree = "<group>";
		};
/* End PBXGroup section */

/* Begin PBXNativeTarget section */
		13B07F861A680F5B00A75B9A /* Voke */ = {
			isa = PBXNativeTarget;
			buildConfigurationList = 13B07F931A680F5B00A75B9A /* Build configuration list for PBXNativeTarget "Voke" */;
			buildPhases = (
				13B07F871A680F5B00A75B9A /* Sources */,
				13B07F8C1A680F5B00A75B9A /* Frameworks */,
				13B07F8E1A680F5B00A75B9A /* Resources */,
				00DD1BFF1BD5951E006B06BC /* Bundle React Native code and images */,
				AE5BE09C1F631E020091810F /* ShellScript */,
			);
			buildRules = (
			);
			dependencies = (
			);
			name = Voke;
			productName = "Hello World";
			productReference = 13B07F961A680F5B00A75B9A /* Voke.app */;
			productType = "com.apple.product-type.application";
		};
/* End PBXNativeTarget section */

/* Begin PBXProject section */
		83CBB9F71A601CBA00E9B192 /* Project object */ = {
			isa = PBXProject;
			attributes = {
				LastUpgradeCheck = 830;
				ORGANIZATIONNAME = Facebook;
				TargetAttributes = {
					13B07F861A680F5B00A75B9A = {
						DevelopmentTeam = DQ48D9BF2V;
						ProvisioningStyle = Manual;
						SystemCapabilities = {
							com.apple.BackgroundModes = {
								enabled = 1;
							};
							com.apple.GameCenter = {
								enabled = 0;
							};
							com.apple.InAppPurchase = {
								enabled = 0;
							};
							com.apple.Keychain = {
								enabled = 1;
							};
							com.apple.Push = {
								enabled = 1;
							};
							com.apple.SafariKeychain = {
								enabled = 1;
							};
						};
					};
				};
			};
			buildConfigurationList = 83CBB9FA1A601CBA00E9B192 /* Build configuration list for PBXProject "Voke" */;
			compatibilityVersion = "Xcode 3.2";
			developmentRegion = English;
			hasScannedForEncodings = 0;
			knownRegions = (
				en,
				Base,
			);
			mainGroup = 83CBB9F61A601CBA00E9B192;
			productRefGroup = 83CBBA001A601CBA00E9B192 /* Products */;
			projectDirPath = "";
			projectReferences = (
				{
					ProductGroup = 00C302A81ABCB8CE00DB3ED1 /* Products */;
					ProjectRef = 00C302A71ABCB8CE00DB3ED1 /* RCTActionSheet.xcodeproj */;
				},
				{
					ProductGroup = 5E91572E1DD0AC6500FF2AA8 /* Products */;
					ProjectRef = 5E91572D1DD0AC6500FF2AA8 /* RCTAnimation.xcodeproj */;
				},
				{
					ProductGroup = 93F1F71B1F031B17008066D8 /* Products */;
					ProjectRef = 738F94AB6632400DB624B352 /* RCTContacts.xcodeproj */;
				},
				{
					ProductGroup = AE5BE03A1F609C760091810F /* Products */;
					ProjectRef = AE5BE0391F609C760091810F /* RCTFBSDK.xcodeproj */;
				},
				{
					ProductGroup = 00C302B61ABCB90400DB3ED1 /* Products */;
					ProjectRef = 00C302B51ABCB90400DB3ED1 /* RCTGeolocation.xcodeproj */;
				},
				{
					ProductGroup = 00C302BC1ABCB91800DB3ED1 /* Products */;
					ProjectRef = 00C302BB1ABCB91800DB3ED1 /* RCTImage.xcodeproj */;
				},
				{
					ProductGroup = 78C398B11ACF4ADC00677621 /* Products */;
					ProjectRef = 78C398B01ACF4ADC00677621 /* RCTLinking.xcodeproj */;
				},
				{
					ProductGroup = 00C302D41ABCB9D200DB3ED1 /* Products */;
					ProjectRef = 00C302D31ABCB9D200DB3ED1 /* RCTNetwork.xcodeproj */;
				},
				{
					ProductGroup = AE0709B51F7ACE70009762CA /* Products */;
					ProjectRef = DDA6CFD505BD41BA8DB32059 /* RCTOrientation.xcodeproj */;
				},
				{
					ProductGroup = AED242CC1FD2F9CB007B9735 /* Products */;
					ProjectRef = AED242CB1FD2F9CB007B9735 /* RCTPushNotification.xcodeproj */;
				},
				{
					ProductGroup = 139105B71AF99BAD00B5F7CC /* Products */;
					ProjectRef = 139105B61AF99BAD00B5F7CC /* RCTSettings.xcodeproj */;
				},
				{
					ProductGroup = 832341B11AAA6A8300B99B32 /* Products */;
					ProjectRef = 832341B01AAA6A8300B99B32 /* RCTText.xcodeproj */;
				},
				{
					ProductGroup = 00C302E01ABCB9EE00DB3ED1 /* Products */;
					ProjectRef = 00C302DF1ABCB9EE00DB3ED1 /* RCTVibration.xcodeproj */;
				},
				{
					ProductGroup = 139FDEE71B06529A00C62182 /* Products */;
					ProjectRef = 139FDEE61B06529A00C62182 /* RCTWebSocket.xcodeproj */;
				},
				{
					ProductGroup = 146834001AC3E56700842450 /* Products */;
					ProjectRef = 146833FF1AC3E56700842450 /* React.xcodeproj */;
				},
				{
					ProductGroup = 93B8E0F521FBCC26005621CC /* Products */;
					ProjectRef = 93B8E0F421FBCC26005621CC /* reactnativeomnitureapi.xcodeproj */;
				},
				{
					ProductGroup = AE3D51902098AA680000051A /* Products */;
					ProjectRef = D6B2CBF431D44BFFA2B7CEDB /* ReactNativePermissions.xcodeproj */;
				},
				{
					ProductGroup = AE498F271F5459B60002463F /* Products */;
					ProjectRef = B1CF0855F5DB4084B57242A2 /* RNDeviceInfo.xcodeproj */;
				},
				{
					ProductGroup = 93936CB01F6AF77C0018CE00 /* Products */;
					ProjectRef = 890FBE44356444B789EC85C1 /* RNFetchBlob.xcodeproj */;
				},
				{
					ProductGroup = AE3A84B820F8E6A9007A6ED3 /* Products */;
					ProjectRef = C9382E19C17347C7873F5E65 /* RNFirebase.xcodeproj */;
				},
				{
					ProductGroup = 93083225222ED48600088513 /* Products */;
					ProjectRef = 27B36D9247404728A35F8C9C /* RNGestureHandler.xcodeproj */;
				},
				{
					ProductGroup = AEC9F4091F02F08D0038E58D /* Products */;
					ProjectRef = 462D2DDFAF104DDF913181C2 /* RNImagePicker.xcodeproj */;
				},
				{
					ProductGroup = AE9113D51F45FC1700D6E009 /* Products */;
					ProjectRef = D6C2CF26BC5E41AC95BD3F11 /* RNSpinkit.xcodeproj */;
				},
				{
					ProductGroup = AE44C76B20FCEDDF00B774CD /* Products */;
					ProjectRef = 0900058C034240ED844AB29A /* RNSVG.xcodeproj */;
				},
				{
					ProductGroup = 9354D6591EF9A7010005D447 /* Products */;
					ProjectRef = A2A8637161AA417BAFAD228A /* RNVectorIcons.xcodeproj */;
				},
				{
					ProductGroup = AEEF0C151F7EB768004A03DD /* Products */;
					ProjectRef = 87D0A34378C946CE8F44CF56 /* SendSMS.xcodeproj */;
				},
				{
					ProductGroup = AE5BE0D91F631ECA0091810F /* Products */;
					ProjectRef = 161F95BE705C42CC822457B2 /* SMXCrashlytics.xcodeproj */;
				},
			);
			projectRoot = "";
			targets = (
				13B07F861A680F5B00A75B9A /* Voke */,
			);
		};
/* End PBXProject section */

/* Begin PBXReferenceProxy section */
		00C302AC1ABCB8CE00DB3ED1 /* libRCTActionSheet.a */ = {
			isa = PBXReferenceProxy;
			fileType = archive.ar;
			path = libRCTActionSheet.a;
			remoteRef = 00C302AB1ABCB8CE00DB3ED1 /* PBXContainerItemProxy */;
			sourceTree = BUILT_PRODUCTS_DIR;
		};
		00C302BA1ABCB90400DB3ED1 /* libRCTGeolocation.a */ = {
			isa = PBXReferenceProxy;
			fileType = archive.ar;
			path = libRCTGeolocation.a;
			remoteRef = 00C302B91ABCB90400DB3ED1 /* PBXContainerItemProxy */;
			sourceTree = BUILT_PRODUCTS_DIR;
		};
		00C302C01ABCB91800DB3ED1 /* libRCTImage.a */ = {
			isa = PBXReferenceProxy;
			fileType = archive.ar;
			path = libRCTImage.a;
			remoteRef = 00C302BF1ABCB91800DB3ED1 /* PBXContainerItemProxy */;
			sourceTree = BUILT_PRODUCTS_DIR;
		};
		00C302DC1ABCB9D200DB3ED1 /* libRCTNetwork.a */ = {
			isa = PBXReferenceProxy;
			fileType = archive.ar;
			path = libRCTNetwork.a;
			remoteRef = 00C302DB1ABCB9D200DB3ED1 /* PBXContainerItemProxy */;
			sourceTree = BUILT_PRODUCTS_DIR;
		};
		00C302E41ABCB9EE00DB3ED1 /* libRCTVibration.a */ = {
			isa = PBXReferenceProxy;
			fileType = archive.ar;
			path = libRCTVibration.a;
			remoteRef = 00C302E31ABCB9EE00DB3ED1 /* PBXContainerItemProxy */;
			sourceTree = BUILT_PRODUCTS_DIR;
		};
		139105C11AF99BAD00B5F7CC /* libRCTSettings.a */ = {
			isa = PBXReferenceProxy;
			fileType = archive.ar;
			path = libRCTSettings.a;
			remoteRef = 139105C01AF99BAD00B5F7CC /* PBXContainerItemProxy */;
			sourceTree = BUILT_PRODUCTS_DIR;
		};
		139FDEF41B06529B00C62182 /* libRCTWebSocket.a */ = {
			isa = PBXReferenceProxy;
			fileType = archive.ar;
			path = libRCTWebSocket.a;
			remoteRef = 139FDEF31B06529B00C62182 /* PBXContainerItemProxy */;
			sourceTree = BUILT_PRODUCTS_DIR;
		};
		146834041AC3E56700842450 /* libReact.a */ = {
			isa = PBXReferenceProxy;
			fileType = archive.ar;
			path = libReact.a;
			remoteRef = 146834031AC3E56700842450 /* PBXContainerItemProxy */;
			sourceTree = BUILT_PRODUCTS_DIR;
		};
		3DAD3E841DF850E9000B6D8A /* libRCTImage-tvOS.a */ = {
			isa = PBXReferenceProxy;
			fileType = archive.ar;
			path = "libRCTImage-tvOS.a";
			remoteRef = 3DAD3E831DF850E9000B6D8A /* PBXContainerItemProxy */;
			sourceTree = BUILT_PRODUCTS_DIR;
		};
		3DAD3E881DF850E9000B6D8A /* libRCTLinking-tvOS.a */ = {
			isa = PBXReferenceProxy;
			fileType = archive.ar;
			path = "libRCTLinking-tvOS.a";
			remoteRef = 3DAD3E871DF850E9000B6D8A /* PBXContainerItemProxy */;
			sourceTree = BUILT_PRODUCTS_DIR;
		};
		3DAD3E8C1DF850E9000B6D8A /* libRCTNetwork-tvOS.a */ = {
			isa = PBXReferenceProxy;
			fileType = archive.ar;
			path = "libRCTNetwork-tvOS.a";
			remoteRef = 3DAD3E8B1DF850E9000B6D8A /* PBXContainerItemProxy */;
			sourceTree = BUILT_PRODUCTS_DIR;
		};
		3DAD3E901DF850E9000B6D8A /* libRCTSettings-tvOS.a */ = {
			isa = PBXReferenceProxy;
			fileType = archive.ar;
			path = "libRCTSettings-tvOS.a";
			remoteRef = 3DAD3E8F1DF850E9000B6D8A /* PBXContainerItemProxy */;
			sourceTree = BUILT_PRODUCTS_DIR;
		};
		3DAD3E941DF850E9000B6D8A /* libRCTText-tvOS.a */ = {
			isa = PBXReferenceProxy;
			fileType = archive.ar;
			path = "libRCTText-tvOS.a";
			remoteRef = 3DAD3E931DF850E9000B6D8A /* PBXContainerItemProxy */;
			sourceTree = BUILT_PRODUCTS_DIR;
		};
		3DAD3E991DF850E9000B6D8A /* libRCTWebSocket-tvOS.a */ = {
			isa = PBXReferenceProxy;
			fileType = archive.ar;
			path = "libRCTWebSocket-tvOS.a";
			remoteRef = 3DAD3E981DF850E9000B6D8A /* PBXContainerItemProxy */;
			sourceTree = BUILT_PRODUCTS_DIR;
		};
		3DAD3EA31DF850E9000B6D8A /* libReact.a */ = {
			isa = PBXReferenceProxy;
			fileType = archive.ar;
			path = libReact.a;
			remoteRef = 3DAD3EA21DF850E9000B6D8A /* PBXContainerItemProxy */;
			sourceTree = BUILT_PRODUCTS_DIR;
		};
		3DAD3EA51DF850E9000B6D8A /* libyoga.a */ = {
			isa = PBXReferenceProxy;
			fileType = archive.ar;
			path = libyoga.a;
			remoteRef = 3DAD3EA41DF850E9000B6D8A /* PBXContainerItemProxy */;
			sourceTree = BUILT_PRODUCTS_DIR;
		};
		3DAD3EA71DF850E9000B6D8A /* libyoga.a */ = {
			isa = PBXReferenceProxy;
			fileType = archive.ar;
			path = libyoga.a;
			remoteRef = 3DAD3EA61DF850E9000B6D8A /* PBXContainerItemProxy */;
			sourceTree = BUILT_PRODUCTS_DIR;
		};
		3DAD3EA91DF850E9000B6D8A /* libcxxreact.a */ = {
			isa = PBXReferenceProxy;
			fileType = archive.ar;
			path = libcxxreact.a;
			remoteRef = 3DAD3EA81DF850E9000B6D8A /* PBXContainerItemProxy */;
			sourceTree = BUILT_PRODUCTS_DIR;
		};
		3DAD3EAB1DF850E9000B6D8A /* libcxxreact.a */ = {
			isa = PBXReferenceProxy;
			fileType = archive.ar;
			path = libcxxreact.a;
			remoteRef = 3DAD3EAA1DF850E9000B6D8A /* PBXContainerItemProxy */;
			sourceTree = BUILT_PRODUCTS_DIR;
		};
		3DAD3EAD1DF850E9000B6D8A /* libjschelpers.a */ = {
			isa = PBXReferenceProxy;
			fileType = archive.ar;
			path = libjschelpers.a;
			remoteRef = 3DAD3EAC1DF850E9000B6D8A /* PBXContainerItemProxy */;
			sourceTree = BUILT_PRODUCTS_DIR;
		};
		3DAD3EAF1DF850E9000B6D8A /* libjschelpers.a */ = {
			isa = PBXReferenceProxy;
			fileType = archive.ar;
			path = libjschelpers.a;
			remoteRef = 3DAD3EAE1DF850E9000B6D8A /* PBXContainerItemProxy */;
			sourceTree = BUILT_PRODUCTS_DIR;
		};
		5E9157331DD0AC6500FF2AA8 /* libRCTAnimation.a */ = {
			isa = PBXReferenceProxy;
			fileType = archive.ar;
			path = libRCTAnimation.a;
			remoteRef = 5E9157321DD0AC6500FF2AA8 /* PBXContainerItemProxy */;
			sourceTree = BUILT_PRODUCTS_DIR;
		};
		5E9157351DD0AC6500FF2AA8 /* libRCTAnimation.a */ = {
			isa = PBXReferenceProxy;
			fileType = archive.ar;
			path = libRCTAnimation.a;
			remoteRef = 5E9157341DD0AC6500FF2AA8 /* PBXContainerItemProxy */;
			sourceTree = BUILT_PRODUCTS_DIR;
		};
		78C398B91ACF4ADC00677621 /* libRCTLinking.a */ = {
			isa = PBXReferenceProxy;
			fileType = archive.ar;
			path = libRCTLinking.a;
			remoteRef = 78C398B81ACF4ADC00677621 /* PBXContainerItemProxy */;
			sourceTree = BUILT_PRODUCTS_DIR;
		};
		832341B51AAA6A8300B99B32 /* libRCTText.a */ = {
			isa = PBXReferenceProxy;
			fileType = archive.ar;
			path = libRCTText.a;
			remoteRef = 832341B41AAA6A8300B99B32 /* PBXContainerItemProxy */;
			sourceTree = BUILT_PRODUCTS_DIR;
		};
		9308322A222ED48600088513 /* libRNGestureHandler.a */ = {
			isa = PBXReferenceProxy;
			fileType = archive.ar;
			path = libRNGestureHandler.a;
			remoteRef = 93083229222ED48600088513 /* PBXContainerItemProxy */;
			sourceTree = BUILT_PRODUCTS_DIR;
		};
		9308322C222ED48600088513 /* libRNGestureHandler-tvOS.a */ = {
			isa = PBXReferenceProxy;
			fileType = archive.ar;
			path = "libRNGestureHandler-tvOS.a";
			remoteRef = 9308322B222ED48600088513 /* PBXContainerItemProxy */;
			sourceTree = BUILT_PRODUCTS_DIR;
		};
		9354D6781EF9A7020005D447 /* libRNVectorIcons.a */ = {
			isa = PBXReferenceProxy;
			fileType = archive.ar;
			path = libRNVectorIcons.a;
			remoteRef = 9354D6771EF9A7020005D447 /* PBXContainerItemProxy */;
			sourceTree = BUILT_PRODUCTS_DIR;
		};
		93936CD81F6AF77D0018CE00 /* libRNFetchBlob.a */ = {
			isa = PBXReferenceProxy;
			fileType = archive.ar;
			path = libRNFetchBlob.a;
			remoteRef = 93936CD71F6AF77D0018CE00 /* PBXContainerItemProxy */;
			sourceTree = BUILT_PRODUCTS_DIR;
		};
		93B8E0F921FBCC26005621CC /* libreactnativeomnitureapi.a */ = {
			isa = PBXReferenceProxy;
			fileType = archive.ar;
			path = libreactnativeomnitureapi.a;
			remoteRef = 93B8E0F821FBCC26005621CC /* PBXContainerItemProxy */;
			sourceTree = BUILT_PRODUCTS_DIR;
		};
		93BF5F4A1EF86A0D00F2E566 /* libthird-party.a */ = {
			isa = PBXReferenceProxy;
			fileType = archive.ar;
			path = "libthird-party.a";
			remoteRef = 93BF5F491EF86A0D00F2E566 /* PBXContainerItemProxy */;
			sourceTree = BUILT_PRODUCTS_DIR;
		};
		93BF5F4C1EF86A0D00F2E566 /* libdouble-conversion.a */ = {
			isa = PBXReferenceProxy;
			fileType = archive.ar;
			path = "libdouble-conversion.a";
			remoteRef = 93BF5F4B1EF86A0D00F2E566 /* PBXContainerItemProxy */;
			sourceTree = BUILT_PRODUCTS_DIR;
		};
		93C92F381F310576002CFC73 /* libthird-party.a */ = {
			isa = PBXReferenceProxy;
			fileType = archive.ar;
			path = "libthird-party.a";
			remoteRef = 93C92F371F310576002CFC73 /* PBXContainerItemProxy */;
			sourceTree = BUILT_PRODUCTS_DIR;
		};
		93C92F3A1F310576002CFC73 /* libdouble-conversion.a */ = {
			isa = PBXReferenceProxy;
			fileType = archive.ar;
			path = "libdouble-conversion.a";
			remoteRef = 93C92F391F310576002CFC73 /* PBXContainerItemProxy */;
			sourceTree = BUILT_PRODUCTS_DIR;
		};
		93F1F7221F031B17008066D8 /* libRCTContacts.a */ = {
			isa = PBXReferenceProxy;
			fileType = archive.ar;
			path = libRCTContacts.a;
			remoteRef = 93F1F7211F031B17008066D8 /* PBXContainerItemProxy */;
			sourceTree = BUILT_PRODUCTS_DIR;
		};
		AE0709B91F7ACE70009762CA /* libRCTOrientation.a */ = {
			isa = PBXReferenceProxy;
			fileType = archive.ar;
			path = libRCTOrientation.a;
			remoteRef = AE0709B81F7ACE70009762CA /* PBXContainerItemProxy */;
			sourceTree = BUILT_PRODUCTS_DIR;
		};
		AE3A84BC20F8E6A9007A6ED3 /* libRNFirebase.a */ = {
			isa = PBXReferenceProxy;
			fileType = archive.ar;
			path = libRNFirebase.a;
			remoteRef = AE3A84BB20F8E6A9007A6ED3 /* PBXContainerItemProxy */;
			sourceTree = BUILT_PRODUCTS_DIR;
		};
		AE3D51942098AA680000051A /* libReactNativePermissions.a */ = {
			isa = PBXReferenceProxy;
			fileType = archive.ar;
			path = libReactNativePermissions.a;
			remoteRef = AE3D51932098AA680000051A /* PBXContainerItemProxy */;
			sourceTree = BUILT_PRODUCTS_DIR;
		};
		AE44C77020FCEDDF00B774CD /* libRNSVG.a */ = {
			isa = PBXReferenceProxy;
			fileType = archive.ar;
			path = libRNSVG.a;
			remoteRef = AE44C76F20FCEDDF00B774CD /* PBXContainerItemProxy */;
			sourceTree = BUILT_PRODUCTS_DIR;
		};
		AE44C77220FCEDDF00B774CD /* libRNSVG-tvOS.a */ = {
			isa = PBXReferenceProxy;
			fileType = archive.ar;
			path = "libRNSVG-tvOS.a";
			remoteRef = AE44C77120FCEDDF00B774CD /* PBXContainerItemProxy */;
			sourceTree = BUILT_PRODUCTS_DIR;
		};
		AE498F4A1F5459B60002463F /* libRNDeviceInfo.a */ = {
			isa = PBXReferenceProxy;
			fileType = archive.ar;
			path = libRNDeviceInfo.a;
			remoteRef = AE498F491F5459B60002463F /* PBXContainerItemProxy */;
			sourceTree = BUILT_PRODUCTS_DIR;
		};
		AE5BE03E1F609C760091810F /* libRCTFBSDK.a */ = {
			isa = PBXReferenceProxy;
			fileType = archive.ar;
			path = libRCTFBSDK.a;
			remoteRef = AE5BE03D1F609C760091810F /* PBXContainerItemProxy */;
			sourceTree = BUILT_PRODUCTS_DIR;
		};
		AE5BE1061F631ECA0091810F /* libSMXCrashlytics.a */ = {
			isa = PBXReferenceProxy;
			fileType = archive.ar;
			path = libSMXCrashlytics.a;
			remoteRef = AE5BE1051F631ECA0091810F /* PBXContainerItemProxy */;
			sourceTree = BUILT_PRODUCTS_DIR;
		};
		AE74ABF02080F49400E0AEFE /* libfishhook.a */ = {
			isa = PBXReferenceProxy;
			fileType = archive.ar;
			path = libfishhook.a;
			remoteRef = AE74ABEF2080F49400E0AEFE /* PBXContainerItemProxy */;
			sourceTree = BUILT_PRODUCTS_DIR;
		};
		AE74ABF22080F49400E0AEFE /* libfishhook-tvOS.a */ = {
			isa = PBXReferenceProxy;
			fileType = archive.ar;
			path = "libfishhook-tvOS.a";
			remoteRef = AE74ABF12080F49400E0AEFE /* PBXContainerItemProxy */;
			sourceTree = BUILT_PRODUCTS_DIR;
		};
		AE74AC042080F49400E0AEFE /* libjsinspector.a */ = {
			isa = PBXReferenceProxy;
			fileType = archive.ar;
			path = libjsinspector.a;
			remoteRef = AE74AC032080F49400E0AEFE /* PBXContainerItemProxy */;
			sourceTree = BUILT_PRODUCTS_DIR;
		};
		AE74AC062080F49400E0AEFE /* libjsinspector-tvOS.a */ = {
			isa = PBXReferenceProxy;
			fileType = archive.ar;
			path = "libjsinspector-tvOS.a";
			remoteRef = AE74AC052080F49400E0AEFE /* PBXContainerItemProxy */;
			sourceTree = BUILT_PRODUCTS_DIR;
		};
		AE74AC082080F49400E0AEFE /* libprivatedata.a */ = {
			isa = PBXReferenceProxy;
			fileType = archive.ar;
			path = libprivatedata.a;
			remoteRef = AE74AC072080F49400E0AEFE /* PBXContainerItemProxy */;
			sourceTree = BUILT_PRODUCTS_DIR;
		};
		AE74AC0A2080F49400E0AEFE /* libprivatedata-tvOS.a */ = {
			isa = PBXReferenceProxy;
			fileType = archive.ar;
			path = "libprivatedata-tvOS.a";
			remoteRef = AE74AC092080F49400E0AEFE /* PBXContainerItemProxy */;
			sourceTree = BUILT_PRODUCTS_DIR;
		};
		AE74AC0E2080F49400E0AEFE /* libRNDeviceInfo-tvOS.a */ = {
			isa = PBXReferenceProxy;
			fileType = archive.ar;
			path = "libRNDeviceInfo-tvOS.a";
			remoteRef = AE74AC0D2080F49400E0AEFE /* PBXContainerItemProxy */;
			sourceTree = BUILT_PRODUCTS_DIR;
		};
		AE9113FA1F45FC1700D6E009 /* libRNSpinkit.a */ = {
			isa = PBXReferenceProxy;
			fileType = archive.ar;
			path = libRNSpinkit.a;
			remoteRef = AE9113F91F45FC1700D6E009 /* PBXContainerItemProxy */;
			sourceTree = BUILT_PRODUCTS_DIR;
		};
		AE9113FC1F45FC1700D6E009 /* libRNSpinkit.a */ = {
			isa = PBXReferenceProxy;
			fileType = archive.ar;
			path = libRNSpinkit.a;
			remoteRef = AE9113FB1F45FC1700D6E009 /* PBXContainerItemProxy */;
			sourceTree = BUILT_PRODUCTS_DIR;
		};
		AEC9F4291F02F08D0038E58D /* libRNImagePicker.a */ = {
			isa = PBXReferenceProxy;
			fileType = archive.ar;
			path = libRNImagePicker.a;
			remoteRef = AEC9F4281F02F08D0038E58D /* PBXContainerItemProxy */;
			sourceTree = BUILT_PRODUCTS_DIR;
		};
		AED242D11FD2F9CB007B9735 /* libRCTPushNotification.a */ = {
			isa = PBXReferenceProxy;
			fileType = archive.ar;
			path = libRCTPushNotification.a;
			remoteRef = AED242D01FD2F9CB007B9735 /* PBXContainerItemProxy */;
			sourceTree = BUILT_PRODUCTS_DIR;
		};
		AED242D31FD2F9CB007B9735 /* libRCTPushNotification-tvOS.a */ = {
			isa = PBXReferenceProxy;
			fileType = archive.ar;
			path = "libRCTPushNotification-tvOS.a";
			remoteRef = AED242D21FD2F9CB007B9735 /* PBXContainerItemProxy */;
			sourceTree = BUILT_PRODUCTS_DIR;
		};
		AEDD2F021F68333F008542FF /* libSMXCrashlytics.a */ = {
			isa = PBXReferenceProxy;
			fileType = archive.ar;
			path = libSMXCrashlytics.a;
			remoteRef = AEDD2F011F68333F008542FF /* PBXContainerItemProxy */;
			sourceTree = BUILT_PRODUCTS_DIR;
		};
		AEEF0C191F7EB769004A03DD /* libSendSMS.a */ = {
			isa = PBXReferenceProxy;
			fileType = archive.ar;
			path = libSendSMS.a;
			remoteRef = AEEF0C181F7EB769004A03DD /* PBXContainerItemProxy */;
			sourceTree = BUILT_PRODUCTS_DIR;
		};
/* End PBXReferenceProxy section */

/* Begin PBXResourcesBuildPhase section */
		13B07F8E1A680F5B00A75B9A /* Resources */ = {
			isa = PBXResourcesBuildPhase;
			buildActionMask = 2147483647;
			files = (
				AE0A75891F427225000A51EA /* TitilliumWeb-Bold.ttf in Resources */,
				9324CD7D21FBBB9C0005E7A3 /* ADBMobileConfig.json in Resources */,
				932AA1BD1F602AFB008937B1 /* Images.xcassets in Resources */,
				AED975A2222F076400A0A953 /* icomoon.ttf in Resources */,
				AE832BBE1F900CAA00ABEE80 /* ukulele-sound.wav in Resources */,
				AE0A75851F4271FE000A51EA /* TitilliumWeb-Regular.ttf in Resources */,
				376E6513900E4B6B98D8A273 /* FontAwesome.ttf in Resources */,
				AE0A75871F42720D000A51EA /* TitilliumWeb-SemiBold.ttf in Resources */,
				AE6502A621514AF30031B7D1 /* GoogleService-Info.plist in Resources */,
				37C585BED12E4623ACE9A188 /* MaterialCommunityIcons.ttf in Resources */,
				7E7CF9FEC7E84378BFB5B7AD /* MaterialIcons.ttf in Resources */,
				AE5BE0301F607ACC0091810F /* LaunchScreen.xib in Resources */,
			);
			runOnlyForDeploymentPostprocessing = 0;
		};
/* End PBXResourcesBuildPhase section */

/* Begin PBXShellScriptBuildPhase section */
		00DD1BFF1BD5951E006B06BC /* Bundle React Native code and images */ = {
			isa = PBXShellScriptBuildPhase;
			buildActionMask = 2147483647;
			files = (
			);
			inputPaths = (
			);
			name = "Bundle React Native code and images";
			outputPaths = (
			);
			runOnlyForDeploymentPostprocessing = 0;
			shellPath = /bin/sh;
			shellScript = "export NODE_BINARY=node\n../node_modules/react-native/scripts/react-native-xcode.sh";
		};
		AE5BE09C1F631E020091810F /* ShellScript */ = {
			isa = PBXShellScriptBuildPhase;
			buildActionMask = 2147483647;
			files = (
			);
			inputPaths = (
			);
			outputPaths = (
			);
			runOnlyForDeploymentPostprocessing = 0;
			shellPath = /bin/sh;
			shellScript = "${SRCROOT}/Fabric.framework/run 4c6c9eb55214633c5eca4176c06b20bb8fd07a72 c71d676836deedca0040ec813caa99d5e9330f440319d855e82c69e75779518d";
		};
/* End PBXShellScriptBuildPhase section */

/* Begin PBXSourcesBuildPhase section */
		13B07F871A680F5B00A75B9A /* Sources */ = {
			isa = PBXSourcesBuildPhase;
			buildActionMask = 2147483647;
			files = (
				932AA1BF1F602AFB008937B1 /* main.m in Sources */,
				932AA1BC1F602AFB008937B1 /* AppDelegate.m in Sources */,
			);
			runOnlyForDeploymentPostprocessing = 0;
		};
/* End PBXSourcesBuildPhase section */

/* Begin XCBuildConfiguration section */
		13B07F941A680F5B00A75B9A /* Debug */ = {
			isa = XCBuildConfiguration;
			buildSettings = {
				ASSETCATALOG_COMPILER_APPICON_NAME = AppIcon;
				CODE_SIGN_ENTITLEMENTS = Voke/Voke.entitlements;
				CODE_SIGN_IDENTITY = "iPhone Developer";
				"CODE_SIGN_IDENTITY[sdk=iphoneos*]" = "iPhone Distribution";
				CODE_SIGN_STYLE = Manual;
				CURRENT_PROJECT_VERSION = 1;
				DEAD_CODE_STRIPPING = NO;
				DEVELOPMENT_TEAM = DQ48D9BF2V;
				FRAMEWORK_SEARCH_PATHS = (
					"$(inherited)",
					"$(PROJECT_DIR)",
					"$(HOME)/Documents/FacebookSDK",
					"$(PROJECT_DIR)/Firebase",
				);
				HEADER_SEARCH_PATHS = (
					"$(inherited)",
					"$(SRCROOT)/../node_modules/react-native-vector-icons/RNVectorIconsManager",
					"$(SRCROOT)/../node_modules/react-native-image-picker/ios",
					"$(SRCROOT)/../node_modules/react-native-contacts/ios/RCTContacts",
					"$(SRCROOT)/../node_modules/react-native-spinkit/ios/**",
					"$(SRCROOT)/../node_modules/react-native-device-info/RNDeviceInfo",
					"$(SRCROOT)/../node_modules/react-native-fabric/ios/SMXCrashlytics",
					"$(SRCROOT)/../node_modules/react-native-google-analytics-bridge/ios/RCTGoogleAnalyticsBridge/**",
					"$(SRCROOT)/../node_modules/react-native-fetch-blob/ios/**",
					"$(SRCROOT)/../node_modules/react-native-sound/RNSound",
					"$(SRCROOT)/../node_modules/react-native-orientation/iOS/RCTOrientation/**",
					"$(SRCROOT)/../node_modules/react-native-notifications/RNNotifications",
					"$(SRCROOT)/../node_modules/react-native-sms/SendSMS",
					"$(SRCROOT)/../node_modules/react-native-permissions/ios/**",
					"$(SRCROOT)/../node_modules/react-native-firebase/ios/RNFirebase/**",
					"$(SRCROOT)/../node_modules/react-native-svg/ios/**",
					"$(SRCROOT)/../node_modules/react-native-gesture-handler/ios/**",
				);
				INFOPLIST_FILE = Voke/Info.plist;
				LD_RUNPATH_SEARCH_PATHS = "$(inherited) @executable_path/Frameworks";
				LIBRARY_SEARCH_PATHS = (
					"$(inherited)",
					"$(PROJECT_DIR)/AdobeMobileLibrary",
					"\"$(SRCROOT)/Voke\"",
				);
				OTHER_LDFLAGS = (
					"$(inherited)",
					"-lc++",
					"-ObjC",
				);
				PRODUCT_BUNDLE_IDENTIFIER = org.cru.voke;
				PRODUCT_NAME = Voke;
				PROVISIONING_PROFILE = "f3020c0d-25fc-4fcc-b173-24a622c7a474";
				PROVISIONING_PROFILE_SPECIFIER = "Voke Beta";
				TARGETED_DEVICE_FAMILY = "1,2";
				VERSIONING_SYSTEM = "apple-generic";
			};
			name = Debug;
		};
		13B07F951A680F5B00A75B9A /* Release */ = {
			isa = XCBuildConfiguration;
			buildSettings = {
				ASSETCATALOG_COMPILER_APPICON_NAME = AppIcon;
				CODE_SIGN_ENTITLEMENTS = Voke/Voke.entitlements;
				CODE_SIGN_IDENTITY = "iPhone Developer";
				"CODE_SIGN_IDENTITY[sdk=iphoneos*]" = "iPhone Distribution";
				CODE_SIGN_STYLE = Manual;
				CURRENT_PROJECT_VERSION = 1;
				DEVELOPMENT_TEAM = DQ48D9BF2V;
				FRAMEWORK_SEARCH_PATHS = (
					"$(inherited)",
					"$(PROJECT_DIR)",
					"$(HOME)/Documents/FacebookSDK",
					"$(PROJECT_DIR)/Firebase",
				);
				HEADER_SEARCH_PATHS = (
					"$(inherited)",
					"$(SRCROOT)/../node_modules/react-native-vector-icons/RNVectorIconsManager",
					"$(SRCROOT)/../node_modules/react-native-image-picker/ios",
					"$(SRCROOT)/../node_modules/react-native-contacts/ios/RCTContacts",
					"$(SRCROOT)/../node_modules/react-native-spinkit/ios/**",
					"$(SRCROOT)/../node_modules/react-native-device-info/RNDeviceInfo",
					"$(SRCROOT)/../node_modules/react-native-fabric/ios/SMXCrashlytics",
					"$(SRCROOT)/../node_modules/react-native-google-analytics-bridge/ios/RCTGoogleAnalyticsBridge/**",
					"$(SRCROOT)/../node_modules/react-native-fetch-blob/ios/**",
					"$(SRCROOT)/../node_modules/react-native-sound/RNSound",
					"$(SRCROOT)/../node_modules/react-native-orientation/iOS/RCTOrientation/**",
					"$(SRCROOT)/../node_modules/react-native-notifications/RNNotifications",
					"$(SRCROOT)/../node_modules/react-native-sms/SendSMS",
					"$(SRCROOT)/../node_modules/react-native-permissions/ios/**",
					"$(SRCROOT)/../node_modules/react-native-firebase/ios/RNFirebase/**",
					"$(SRCROOT)/../node_modules/react-native-svg/ios/**",
					"$(SRCROOT)/../node_modules/react-native-gesture-handler/ios/**",
				);
				INFOPLIST_FILE = Voke/Info.plist;
				LD_RUNPATH_SEARCH_PATHS = "$(inherited) @executable_path/Frameworks";
				LIBRARY_SEARCH_PATHS = (
					"$(inherited)",
					"$(PROJECT_DIR)/AdobeMobileLibrary",
					"\"$(SRCROOT)/Voke\"",
				);
				OTHER_LDFLAGS = (
					"$(inherited)",
					"-lc++",
					"-ObjC",
				);
				PRODUCT_BUNDLE_IDENTIFIER = org.cru.voke;
				PRODUCT_NAME = Voke;
				PROVISIONING_PROFILE = "96f6e73e-154d-483c-a603-96c7df89fc4f";
				PROVISIONING_PROFILE_SPECIFIER = "Voke Beta";
				TARGETED_DEVICE_FAMILY = "1,2";
				VERSIONING_SYSTEM = "apple-generic";
			};
			name = Release;
		};
		83CBBA201A601CBA00E9B192 /* Debug */ = {
			isa = XCBuildConfiguration;
			buildSettings = {
				ALWAYS_SEARCH_USER_PATHS = NO;
				CLANG_CXX_LANGUAGE_STANDARD = "gnu++0x";
				CLANG_CXX_LIBRARY = "libc++";
				CLANG_ENABLE_MODULES = YES;
				CLANG_ENABLE_OBJC_ARC = YES;
				CLANG_WARN_BLOCK_CAPTURE_AUTORELEASING = YES;
				CLANG_WARN_BOOL_CONVERSION = YES;
				CLANG_WARN_COMMA = YES;
				CLANG_WARN_CONSTANT_CONVERSION = YES;
				CLANG_WARN_DEPRECATED_OBJC_IMPLEMENTATIONS = YES;
				CLANG_WARN_DIRECT_OBJC_ISA_USAGE = YES_ERROR;
				CLANG_WARN_EMPTY_BODY = YES;
				CLANG_WARN_ENUM_CONVERSION = YES;
				CLANG_WARN_INFINITE_RECURSION = YES;
				CLANG_WARN_INT_CONVERSION = YES;
				CLANG_WARN_NON_LITERAL_NULL_CONVERSION = YES;
				CLANG_WARN_OBJC_IMPLICIT_RETAIN_SELF = YES;
				CLANG_WARN_OBJC_LITERAL_CONVERSION = YES;
				CLANG_WARN_OBJC_ROOT_CLASS = YES_ERROR;
				CLANG_WARN_SUSPICIOUS_MOVE = YES;
				CLANG_WARN_UNREACHABLE_CODE = YES;
				CLANG_WARN__DUPLICATE_METHOD_MATCH = YES;
				CODE_SIGN_IDENTITY = "iPhone Distribution: Cru Global, Inc (DQ48D9BF2V)";
				"CODE_SIGN_IDENTITY[sdk=iphoneos*]" = "iPhone Developer";
				COPY_PHASE_STRIP = NO;
				DEVELOPMENT_TEAM = DQ48D9BF2V;
				ENABLE_STRICT_OBJC_MSGSEND = YES;
				ENABLE_TESTABILITY = YES;
				GCC_C_LANGUAGE_STANDARD = gnu99;
				GCC_DYNAMIC_NO_PIC = NO;
				GCC_NO_COMMON_BLOCKS = YES;
				GCC_OPTIMIZATION_LEVEL = 0;
				GCC_PREPROCESSOR_DEFINITIONS = (
					"DEBUG=1",
					"$(inherited)",
				);
				GCC_SYMBOLS_PRIVATE_EXTERN = NO;
				GCC_WARN_64_TO_32_BIT_CONVERSION = YES;
				GCC_WARN_ABOUT_RETURN_TYPE = YES_ERROR;
				GCC_WARN_UNDECLARED_SELECTOR = YES;
				GCC_WARN_UNINITIALIZED_AUTOS = YES_AGGRESSIVE;
				GCC_WARN_UNUSED_FUNCTION = YES;
				GCC_WARN_UNUSED_VARIABLE = YES;
				IPHONEOS_DEPLOYMENT_TARGET = 9.0;
				MTL_ENABLE_DEBUG_INFO = YES;
				ONLY_ACTIVE_ARCH = YES;
				SDKROOT = iphoneos;
			};
			name = Debug;
		};
		83CBBA211A601CBA00E9B192 /* Release */ = {
			isa = XCBuildConfiguration;
			buildSettings = {
				ALWAYS_SEARCH_USER_PATHS = NO;
				CLANG_CXX_LANGUAGE_STANDARD = "gnu++0x";
				CLANG_CXX_LIBRARY = "libc++";
				CLANG_ENABLE_MODULES = YES;
				CLANG_ENABLE_OBJC_ARC = YES;
				CLANG_WARN_BLOCK_CAPTURE_AUTORELEASING = YES;
				CLANG_WARN_BOOL_CONVERSION = YES;
				CLANG_WARN_COMMA = YES;
				CLANG_WARN_CONSTANT_CONVERSION = YES;
				CLANG_WARN_DEPRECATED_OBJC_IMPLEMENTATIONS = YES;
				CLANG_WARN_DIRECT_OBJC_ISA_USAGE = YES_ERROR;
				CLANG_WARN_EMPTY_BODY = YES;
				CLANG_WARN_ENUM_CONVERSION = YES;
				CLANG_WARN_INFINITE_RECURSION = YES;
				CLANG_WARN_INT_CONVERSION = YES;
				CLANG_WARN_NON_LITERAL_NULL_CONVERSION = YES;
				CLANG_WARN_OBJC_IMPLICIT_RETAIN_SELF = YES;
				CLANG_WARN_OBJC_LITERAL_CONVERSION = YES;
				CLANG_WARN_OBJC_ROOT_CLASS = YES_ERROR;
				CLANG_WARN_SUSPICIOUS_MOVE = YES;
				CLANG_WARN_UNREACHABLE_CODE = YES;
				CLANG_WARN__DUPLICATE_METHOD_MATCH = YES;
				CODE_SIGN_IDENTITY = "iPhone Distribution: Cru Global, Inc (DQ48D9BF2V)";
				"CODE_SIGN_IDENTITY[sdk=iphoneos*]" = "iPhone Distribution";
				COPY_PHASE_STRIP = YES;
				DEVELOPMENT_TEAM = DQ48D9BF2V;
				ENABLE_NS_ASSERTIONS = NO;
				ENABLE_STRICT_OBJC_MSGSEND = YES;
				GCC_C_LANGUAGE_STANDARD = gnu99;
				GCC_NO_COMMON_BLOCKS = YES;
				GCC_WARN_64_TO_32_BIT_CONVERSION = YES;
				GCC_WARN_ABOUT_RETURN_TYPE = YES_ERROR;
				GCC_WARN_UNDECLARED_SELECTOR = YES;
				GCC_WARN_UNINITIALIZED_AUTOS = YES_AGGRESSIVE;
				GCC_WARN_UNUSED_FUNCTION = YES;
				GCC_WARN_UNUSED_VARIABLE = YES;
				IPHONEOS_DEPLOYMENT_TARGET = 9.0;
				MTL_ENABLE_DEBUG_INFO = NO;
				SDKROOT = iphoneos;
				VALIDATE_PRODUCT = YES;
			};
			name = Release;
		};
/* End XCBuildConfiguration section */

/* Begin XCConfigurationList section */
		13B07F931A680F5B00A75B9A /* Build configuration list for PBXNativeTarget "Voke" */ = {
			isa = XCConfigurationList;
			buildConfigurations = (
				13B07F941A680F5B00A75B9A /* Debug */,
				13B07F951A680F5B00A75B9A /* Release */,
			);
			defaultConfigurationIsVisible = 0;
			defaultConfigurationName = Release;
		};
		83CBB9FA1A601CBA00E9B192 /* Build configuration list for PBXProject "Voke" */ = {
			isa = XCConfigurationList;
			buildConfigurations = (
				83CBBA201A601CBA00E9B192 /* Debug */,
				83CBBA211A601CBA00E9B192 /* Release */,
			);
			defaultConfigurationIsVisible = 0;
			defaultConfigurationName = Release;
		};
/* End XCConfigurationList section */
	};
	rootObject = 83CBB9F71A601CBA00E9B192 /* Project object */;
}
